// !$*UTF8*$!
{
	archiveVersion = 1;
	classes = {
	};
	objectVersion = 50;
	objects = {

/* Begin PBXBuildFile section */
		2D17011721D2B3CE0009A316 /* AppDelegate.swift in Sources */ = {isa = PBXBuildFile; fileRef = 2D17011621D2B3CE0009A316 /* AppDelegate.swift */; };
		2D17011C21D2B3CE0009A316 /* Main.storyboard in Resources */ = {isa = PBXBuildFile; fileRef = 2D17011A21D2B3CE0009A316 /* Main.storyboard */; };
		2D17011F21D2B3CE0009A316 /* BeerMais.xcdatamodeld in Sources */ = {isa = PBXBuildFile; fileRef = 2D17011D21D2B3CE0009A316 /* BeerMais.xcdatamodeld */; };
		2D17012121D2B3CF0009A316 /* Assets.xcassets in Resources */ = {isa = PBXBuildFile; fileRef = 2D17012021D2B3CF0009A316 /* Assets.xcassets */; };
		2D17012421D2B3CF0009A316 /* LaunchScreen.storyboard in Resources */ = {isa = PBXBuildFile; fileRef = 2D17012221D2B3CF0009A316 /* LaunchScreen.storyboard */; };
		2D17012E21D2DCB50009A316 /* BeerCollectionCell.xib in Resources */ = {isa = PBXBuildFile; fileRef = 2D17012D21D2DCB50009A316 /* BeerCollectionCell.xib */; };
		2D17013121D2DD320009A316 /* BeerCollectionViewCell.swift in Sources */ = {isa = PBXBuildFile; fileRef = 2D17013021D2DD320009A316 /* BeerCollectionViewCell.swift */; };
		2D17013421D2DECE0009A316 /* ResumeBeersVC.swift in Sources */ = {isa = PBXBuildFile; fileRef = 2D17013321D2DECE0009A316 /* ResumeBeersVC.swift */; };
		2D17013821D32AE80009A316 /* Beer+CoreDataClass.swift in Sources */ = {isa = PBXBuildFile; fileRef = 2D17013621D32AE80009A316 /* Beer+CoreDataClass.swift */; };
		2D17013921D32AE80009A316 /* Beer+CoreDataProperties.swift in Sources */ = {isa = PBXBuildFile; fileRef = 2D17013721D32AE80009A316 /* Beer+CoreDataProperties.swift */; };
		2D17013C21D32E030009A316 /* CoreDataPresenter.swift in Sources */ = {isa = PBXBuildFile; fileRef = 2D17013B21D32E030009A316 /* CoreDataPresenter.swift */; };
		2D17013E21D32EBC0009A316 /* BeerPresenter.swift in Sources */ = {isa = PBXBuildFile; fileRef = 2D17013D21D32EBC0009A316 /* BeerPresenter.swift */; };
		2D17014221D442480009A316 /* AppPresenter.swift in Sources */ = {isa = PBXBuildFile; fileRef = 2D17014121D442480009A316 /* AppPresenter.swift */; };
		2D17014721D455730009A316 /* NewBeer.storyboard in Resources */ = {isa = PBXBuildFile; fileRef = 2D17014621D455730009A316 /* NewBeer.storyboard */; };
		2D17014921D45BAF0009A316 /* NewBeerVC.swift in Sources */ = {isa = PBXBuildFile; fileRef = 2D17014821D45BAF0009A316 /* NewBeerVC.swift */; };
/* End PBXBuildFile section */

/* Begin PBXFileReference section */
		2D17011321D2B3CD0009A316 /* BeerMais.app */ = {isa = PBXFileReference; explicitFileType = wrapper.application; includeInIndex = 0; path = BeerMais.app; sourceTree = BUILT_PRODUCTS_DIR; };
		2D17011621D2B3CE0009A316 /* AppDelegate.swift */ = {isa = PBXFileReference; lastKnownFileType = sourcecode.swift; path = AppDelegate.swift; sourceTree = "<group>"; };
		2D17011B21D2B3CE0009A316 /* Base */ = {isa = PBXFileReference; lastKnownFileType = file.storyboard; name = Base; path = Base.lproj/Main.storyboard; sourceTree = "<group>"; };
		2D17011E21D2B3CE0009A316 /* BeerMais.xcdatamodel */ = {isa = PBXFileReference; lastKnownFileType = wrapper.xcdatamodel; path = BeerMais.xcdatamodel; sourceTree = "<group>"; };
		2D17012021D2B3CF0009A316 /* Assets.xcassets */ = {isa = PBXFileReference; lastKnownFileType = folder.assetcatalog; path = Assets.xcassets; sourceTree = "<group>"; };
		2D17012321D2B3CF0009A316 /* Base */ = {isa = PBXFileReference; lastKnownFileType = file.storyboard; name = Base; path = Base.lproj/LaunchScreen.storyboard; sourceTree = "<group>"; };
		2D17012521D2B3CF0009A316 /* Info.plist */ = {isa = PBXFileReference; lastKnownFileType = text.plist.xml; path = Info.plist; sourceTree = "<group>"; };
		2D17012D21D2DCB50009A316 /* BeerCollectionCell.xib */ = {isa = PBXFileReference; lastKnownFileType = file.xib; path = BeerCollectionCell.xib; sourceTree = "<group>"; };
		2D17013021D2DD320009A316 /* BeerCollectionViewCell.swift */ = {isa = PBXFileReference; lastKnownFileType = sourcecode.swift; path = BeerCollectionViewCell.swift; sourceTree = "<group>"; };
		2D17013321D2DECE0009A316 /* ResumeBeersVC.swift */ = {isa = PBXFileReference; lastKnownFileType = sourcecode.swift; path = ResumeBeersVC.swift; sourceTree = "<group>"; };
		2D17013621D32AE80009A316 /* Beer+CoreDataClass.swift */ = {isa = PBXFileReference; lastKnownFileType = sourcecode.swift; path = "Beer+CoreDataClass.swift"; sourceTree = "<group>"; };
		2D17013721D32AE80009A316 /* Beer+CoreDataProperties.swift */ = {isa = PBXFileReference; lastKnownFileType = sourcecode.swift; path = "Beer+CoreDataProperties.swift"; sourceTree = "<group>"; };
		2D17013B21D32E030009A316 /* CoreDataPresenter.swift */ = {isa = PBXFileReference; lastKnownFileType = sourcecode.swift; path = CoreDataPresenter.swift; sourceTree = "<group>"; };
		2D17013D21D32EBC0009A316 /* BeerPresenter.swift */ = {isa = PBXFileReference; lastKnownFileType = sourcecode.swift; path = BeerPresenter.swift; sourceTree = "<group>"; };
		2D17014121D442480009A316 /* AppPresenter.swift */ = {isa = PBXFileReference; lastKnownFileType = sourcecode.swift; path = AppPresenter.swift; sourceTree = "<group>"; };
		2D17014621D455730009A316 /* NewBeer.storyboard */ = {isa = PBXFileReference; lastKnownFileType = file.storyboard; path = NewBeer.storyboard; sourceTree = "<group>"; };
		2D17014821D45BAF0009A316 /* NewBeerVC.swift */ = {isa = PBXFileReference; lastKnownFileType = sourcecode.swift; path = NewBeerVC.swift; sourceTree = "<group>"; };
/* End PBXFileReference section */

/* Begin PBXFrameworksBuildPhase section */
		2D17011021D2B3CD0009A316 /* Frameworks */ = {
			isa = PBXFrameworksBuildPhase;
			buildActionMask = 2147483647;
			files = (
			);
			runOnlyForDeploymentPostprocessing = 0;
		};
/* End PBXFrameworksBuildPhase section */

/* Begin PBXGroup section */
		2D17010A21D2B3CD0009A316 = {
			isa = PBXGroup;
			children = (
				2D17011521D2B3CD0009A316 /* BeerMais */,
				2D17011421D2B3CD0009A316 /* Products */,
			);
			sourceTree = "<group>";
		};
		2D17011421D2B3CD0009A316 /* Products */ = {
			isa = PBXGroup;
			children = (
				2D17011321D2B3CD0009A316 /* BeerMais.app */,
			);
			name = Products;
			sourceTree = "<group>";
		};
		2D17011521D2B3CD0009A316 /* BeerMais */ = {
			isa = PBXGroup;
			children = (
				2D17013221D2DDF10009A316 /* Controllers */,
				2D17013521D32AD20009A316 /* Entities */,
				2D17013A21D32DC90009A316 /* Presenters */,
				2D17012B21D2DBDA0009A316 /* Views */,
				2D17011621D2B3CE0009A316 /* AppDelegate.swift */,
				2D17012021D2B3CF0009A316 /* Assets.xcassets */,
				2D17012521D2B3CF0009A316 /* Info.plist */,
				2D17011D21D2B3CE0009A316 /* BeerMais.xcdatamodeld */,
			);
			path = BeerMais;
			sourceTree = "<group>";
		};
		2D17012B21D2DBDA0009A316 /* Views */ = {
			isa = PBXGroup;
			children = (
				2D17012C21D2DBFA0009A316 /* CollectionCells */,
				2D17012F21D2DD190009A316 /* CollectionViewCells */,
				2D17012221D2B3CF0009A316 /* LaunchScreen.storyboard */,
				2D17011A21D2B3CE0009A316 /* Main.storyboard */,
				2D17014621D455730009A316 /* NewBeer.storyboard */,
			);
			path = Views;
			sourceTree = "<group>";
		};
		2D17012C21D2DBFA0009A316 /* CollectionCells */ = {
			isa = PBXGroup;
			children = (
				2D17012D21D2DCB50009A316 /* BeerCollectionCell.xib */,
			);
			path = CollectionCells;
			sourceTree = "<group>";
		};
		2D17012F21D2DD190009A316 /* CollectionViewCells */ = {
			isa = PBXGroup;
			children = (
				2D17013021D2DD320009A316 /* BeerCollectionViewCell.swift */,
			);
			path = CollectionViewCells;
			sourceTree = "<group>";
		};
		2D17013221D2DDF10009A316 /* Controllers */ = {
			isa = PBXGroup;
			children = (
				2D17013321D2DECE0009A316 /* ResumeBeersVC.swift */,
				2D17014821D45BAF0009A316 /* NewBeerVC.swift */,
			);
			path = Controllers;
			sourceTree = "<group>";
		};
		2D17013521D32AD20009A316 /* Entities */ = {
			isa = PBXGroup;
			children = (
				2D17013621D32AE80009A316 /* Beer+CoreDataClass.swift */,
				2D17013721D32AE80009A316 /* Beer+CoreDataProperties.swift */,
			);
			path = Entities;
			sourceTree = "<group>";
		};
		2D17013A21D32DC90009A316 /* Presenters */ = {
			isa = PBXGroup;
			children = (
				2D17014121D442480009A316 /* AppPresenter.swift */,
				2D17013D21D32EBC0009A316 /* BeerPresenter.swift */,
				2D17013B21D32E030009A316 /* CoreDataPresenter.swift */,
			);
			path = Presenters;
			sourceTree = "<group>";
		};
/* End PBXGroup section */

/* Begin PBXNativeTarget section */
		2D17011221D2B3CD0009A316 /* BeerMais */ = {
			isa = PBXNativeTarget;
			buildConfigurationList = 2D17012821D2B3CF0009A316 /* Build configuration list for PBXNativeTarget "BeerMais" */;
			buildPhases = (
				2D17010F21D2B3CD0009A316 /* Sources */,
				2D17011021D2B3CD0009A316 /* Frameworks */,
				2D17011121D2B3CD0009A316 /* Resources */,
			);
			buildRules = (
			);
			dependencies = (
			);
			name = BeerMais;
			productName = BeerMais;
			productReference = 2D17011321D2B3CD0009A316 /* BeerMais.app */;
			productType = "com.apple.product-type.application";
		};
/* End PBXNativeTarget section */

/* Begin PBXProject section */
		2D17010B21D2B3CD0009A316 /* Project object */ = {
			isa = PBXProject;
			attributes = {
				LastSwiftUpdateCheck = 1010;
				LastUpgradeCheck = 1010;
				ORGANIZATIONNAME = joseneves;
				TargetAttributes = {
					2D17011221D2B3CD0009A316 = {
						CreatedOnToolsVersion = 10.1;
					};
				};
			};
			buildConfigurationList = 2D17010E21D2B3CD0009A316 /* Build configuration list for PBXProject "BeerMais" */;
			compatibilityVersion = "Xcode 9.3";
			developmentRegion = en;
			hasScannedForEncodings = 0;
			knownRegions = (
				en,
				Base,
			);
			mainGroup = 2D17010A21D2B3CD0009A316;
			productRefGroup = 2D17011421D2B3CD0009A316 /* Products */;
			projectDirPath = "";
			projectRoot = "";
			targets = (
				2D17011221D2B3CD0009A316 /* BeerMais */,
			);
		};
/* End PBXProject section */

/* Begin PBXResourcesBuildPhase section */
		2D17011121D2B3CD0009A316 /* Resources */ = {
			isa = PBXResourcesBuildPhase;
			buildActionMask = 2147483647;
			files = (
				2D17012421D2B3CF0009A316 /* LaunchScreen.storyboard in Resources */,
				2D17014721D455730009A316 /* NewBeer.storyboard in Resources */,
				2D17012E21D2DCB50009A316 /* BeerCollectionCell.xib in Resources */,
				2D17012121D2B3CF0009A316 /* Assets.xcassets in Resources */,
				2D17011C21D2B3CE0009A316 /* Main.storyboard in Resources */,
			);
			runOnlyForDeploymentPostprocessing = 0;
		};
/* End PBXResourcesBuildPhase section */

/* Begin PBXSourcesBuildPhase section */
		2D17010F21D2B3CD0009A316 /* Sources */ = {
			isa = PBXSourcesBuildPhase;
			buildActionMask = 2147483647;
			files = (
				2D17013121D2DD320009A316 /* BeerCollectionViewCell.swift in Sources */,
				2D17013421D2DECE0009A316 /* ResumeBeersVC.swift in Sources */,
				2D17013C21D32E030009A316 /* CoreDataPresenter.swift in Sources */,
				2D17011F21D2B3CE0009A316 /* BeerMais.xcdatamodeld in Sources */,
				2D17013E21D32EBC0009A316 /* BeerPresenter.swift in Sources */,
				2D17014221D442480009A316 /* AppPresenter.swift in Sources */,
				2D17013921D32AE80009A316 /* Beer+CoreDataProperties.swift in Sources */,
				2D17011721D2B3CE0009A316 /* AppDelegate.swift in Sources */,
				2D17013821D32AE80009A316 /* Beer+CoreDataClass.swift in Sources */,
				2D17014921D45BAF0009A316 /* NewBeerVC.swift in Sources */,
			);
			runOnlyForDeploymentPostprocessing = 0;
		};
/* End PBXSourcesBuildPhase section */

/* Begin PBXVariantGroup section */
		2D17011A21D2B3CE0009A316 /* Main.storyboard */ = {
			isa = PBXVariantGroup;
			children = (
				2D17011B21D2B3CE0009A316 /* Base */,
			);
			name = Main.storyboard;
			sourceTree = "<group>";
		};
		2D17012221D2B3CF0009A316 /* LaunchScreen.storyboard */ = {
			isa = PBXVariantGroup;
			children = (
				2D17012321D2B3CF0009A316 /* Base */,
			);
			name = LaunchScreen.storyboard;
			sourceTree = "<group>";
		};
/* End PBXVariantGroup section */

/* Begin XCBuildConfiguration section */
		2D17012621D2B3CF0009A316 /* Debug */ = {
			isa = XCBuildConfiguration;
			buildSettings = {
				ALWAYS_SEARCH_USER_PATHS = NO;
				CLANG_ANALYZER_NONNULL = YES;
				CLANG_ANALYZER_NUMBER_OBJECT_CONVERSION = YES_AGGRESSIVE;
				CLANG_CXX_LANGUAGE_STANDARD = "gnu++14";
				CLANG_CXX_LIBRARY = "libc++";
				CLANG_ENABLE_MODULES = YES;
				CLANG_ENABLE_OBJC_ARC = YES;
				CLANG_ENABLE_OBJC_WEAK = YES;
				CLANG_WARN_BLOCK_CAPTURE_AUTORELEASING = YES;
				CLANG_WARN_BOOL_CONVERSION = YES;
				CLANG_WARN_COMMA = YES;
				CLANG_WARN_CONSTANT_CONVERSION = YES;
				CLANG_WARN_DEPRECATED_OBJC_IMPLEMENTATIONS = YES;
				CLANG_WARN_DIRECT_OBJC_ISA_USAGE = YES_ERROR;
				CLANG_WARN_DOCUMENTATION_COMMENTS = YES;
				CLANG_WARN_EMPTY_BODY = YES;
				CLANG_WARN_ENUM_CONVERSION = YES;
				CLANG_WARN_INFINITE_RECURSION = YES;
				CLANG_WARN_INT_CONVERSION = YES;
				CLANG_WARN_NON_LITERAL_NULL_CONVERSION = YES;
				CLANG_WARN_OBJC_IMPLICIT_RETAIN_SELF = YES;
				CLANG_WARN_OBJC_LITERAL_CONVERSION = YES;
				CLANG_WARN_OBJC_ROOT_CLASS = YES_ERROR;
				CLANG_WARN_RANGE_LOOP_ANALYSIS = YES;
				CLANG_WARN_STRICT_PROTOTYPES = YES;
				CLANG_WARN_SUSPICIOUS_MOVE = YES;
				CLANG_WARN_UNGUARDED_AVAILABILITY = YES_AGGRESSIVE;
				CLANG_WARN_UNREACHABLE_CODE = YES;
				CLANG_WARN__DUPLICATE_METHOD_MATCH = YES;
				CODE_SIGN_IDENTITY = "iPhone Developer";
				COPY_PHASE_STRIP = NO;
				DEBUG_INFORMATION_FORMAT = dwarf;
				ENABLE_STRICT_OBJC_MSGSEND = YES;
				ENABLE_TESTABILITY = YES;
				GCC_C_LANGUAGE_STANDARD = gnu11;
				GCC_DYNAMIC_NO_PIC = NO;
				GCC_NO_COMMON_BLOCKS = YES;
				GCC_OPTIMIZATION_LEVEL = 0;
				GCC_PREPROCESSOR_DEFINITIONS = (
					"DEBUG=1",
					"$(inherited)",
				);
				GCC_WARN_64_TO_32_BIT_CONVERSION = YES;
				GCC_WARN_ABOUT_RETURN_TYPE = YES_ERROR;
				GCC_WARN_UNDECLARED_SELECTOR = YES;
				GCC_WARN_UNINITIALIZED_AUTOS = YES_AGGRESSIVE;
				GCC_WARN_UNUSED_FUNCTION = YES;
				GCC_WARN_UNUSED_VARIABLE = YES;
				IPHONEOS_DEPLOYMENT_TARGET = 12.1;
				MTL_ENABLE_DEBUG_INFO = INCLUDE_SOURCE;
				MTL_FAST_MATH = YES;
				ONLY_ACTIVE_ARCH = YES;
				SDKROOT = iphoneos;
				SWIFT_ACTIVE_COMPILATION_CONDITIONS = DEBUG;
				SWIFT_OPTIMIZATION_LEVEL = "-Onone";
			};
			name = Debug;
		};
		2D17012721D2B3CF0009A316 /* Release */ = {
			isa = XCBuildConfiguration;
			buildSettings = {
				ALWAYS_SEARCH_USER_PATHS = NO;
				CLANG_ANALYZER_NONNULL = YES;
				CLANG_ANALYZER_NUMBER_OBJECT_CONVERSION = YES_AGGRESSIVE;
				CLANG_CXX_LANGUAGE_STANDARD = "gnu++14";
				CLANG_CXX_LIBRARY = "libc++";
				CLANG_ENABLE_MODULES = YES;
				CLANG_ENABLE_OBJC_ARC = YES;
				CLANG_ENABLE_OBJC_WEAK = YES;
				CLANG_WARN_BLOCK_CAPTURE_AUTORELEASING = YES;
				CLANG_WARN_BOOL_CONVERSION = YES;
				CLANG_WARN_COMMA = YES;
				CLANG_WARN_CONSTANT_CONVERSION = YES;
				CLANG_WARN_DEPRECATED_OBJC_IMPLEMENTATIONS = YES;
				CLANG_WARN_DIRECT_OBJC_ISA_USAGE = YES_ERROR;
				CLANG_WARN_DOCUMENTATION_COMMENTS = YES;
				CLANG_WARN_EMPTY_BODY = YES;
				CLANG_WARN_ENUM_CONVERSION = YES;
				CLANG_WARN_INFINITE_RECURSION = YES;
				CLANG_WARN_INT_CONVERSION = YES;
				CLANG_WARN_NON_LITERAL_NULL_CONVERSION = YES;
				CLANG_WARN_OBJC_IMPLICIT_RETAIN_SELF = YES;
				CLANG_WARN_OBJC_LITERAL_CONVERSION = YES;
				CLANG_WARN_OBJC_ROOT_CLASS = YES_ERROR;
				CLANG_WARN_RANGE_LOOP_ANALYSIS = YES;
				CLANG_WARN_STRICT_PROTOTYPES = YES;
				CLANG_WARN_SUSPICIOUS_MOVE = YES;
				CLANG_WARN_UNGUARDED_AVAILABILITY = YES_AGGRESSIVE;
				CLANG_WARN_UNREACHABLE_CODE = YES;
				CLANG_WARN__DUPLICATE_METHOD_MATCH = YES;
				CODE_SIGN_IDENTITY = "iPhone Developer";
				COPY_PHASE_STRIP = NO;
				DEBUG_INFORMATION_FORMAT = "dwarf-with-dsym";
				ENABLE_NS_ASSERTIONS = NO;
				ENABLE_STRICT_OBJC_MSGSEND = YES;
				GCC_C_LANGUAGE_STANDARD = gnu11;
				GCC_NO_COMMON_BLOCKS = YES;
				GCC_WARN_64_TO_32_BIT_CONVERSION = YES;
				GCC_WARN_ABOUT_RETURN_TYPE = YES_ERROR;
				GCC_WARN_UNDECLARED_SELECTOR = YES;
				GCC_WARN_UNINITIALIZED_AUTOS = YES_AGGRESSIVE;
				GCC_WARN_UNUSED_FUNCTION = YES;
				GCC_WARN_UNUSED_VARIABLE = YES;
				IPHONEOS_DEPLOYMENT_TARGET = 12.1;
				MTL_ENABLE_DEBUG_INFO = NO;
				MTL_FAST_MATH = YES;
				SDKROOT = iphoneos;
				SWIFT_COMPILATION_MODE = wholemodule;
				SWIFT_OPTIMIZATION_LEVEL = "-O";
				VALIDATE_PRODUCT = YES;
			};
			name = Release;
		};
		2D17012921D2B3CF0009A316 /* Debug */ = {
			isa = XCBuildConfiguration;
			buildSettings = {
				ASSETCATALOG_COMPILER_APPICON_NAME = AppIcon;
				CODE_SIGN_STYLE = Automatic;
				DEVELOPMENT_TEAM = 2LEA6X25G9;
				INFOPLIST_FILE = BeerMais/Info.plist;
				IPHONEOS_DEPLOYMENT_TARGET = 12.0;
				LD_RUNPATH_SEARCH_PATHS = (
					"$(inherited)",
					"@executable_path/Frameworks",
				);
				PRODUCT_BUNDLE_IDENTIFIER = br.com.joseneves.BeerMais;
				PRODUCT_NAME = "$(TARGET_NAME)";
				SWIFT_VERSION = 4.2;
				TARGETED_DEVICE_FAMILY = 1;
			};
			name = Debug;
		};
		2D17012A21D2B3CF0009A316 /* Release */ = {
			isa = XCBuildConfiguration;
			buildSettings = {
				ASSETCATALOG_COMPILER_APPICON_NAME = AppIcon;
				CODE_SIGN_STYLE = Automatic;
				DEVELOPMENT_TEAM = 2LEA6X25G9;
				INFOPLIST_FILE = BeerMais/Info.plist;
				IPHONEOS_DEPLOYMENT_TARGET = 12.0;
				LD_RUNPATH_SEARCH_PATHS = (
					"$(inherited)",
					"@executable_path/Frameworks",
				);
				PRODUCT_BUNDLE_IDENTIFIER = br.com.joseneves.BeerMais;
				PRODUCT_NAME = "$(TARGET_NAME)";
				SWIFT_VERSION = 4.2;
				TARGETED_DEVICE_FAMILY = 1;
			};
			name = Release;
		};
/* End XCBuildConfiguration section */

/* Begin XCConfigurationList section */
		2D17010E21D2B3CD0009A316 /* Build configuration list for PBXProject "BeerMais" */ = {
			isa = XCConfigurationList;
			buildConfigurations = (
				2D17012621D2B3CF0009A316 /* Debug */,
				2D17012721D2B3CF0009A316 /* Release */,
			);
			defaultConfigurationIsVisible = 0;
			defaultConfigurationName = Release;
		};
		2D17012821D2B3CF0009A316 /* Build configuration list for PBXNativeTarget "BeerMais" */ = {
			isa = XCConfigurationList;
			buildConfigurations = (
				2D17012921D2B3CF0009A316 /* Debug */,
				2D17012A21D2B3CF0009A316 /* Release */,
			);
			defaultConfigurationIsVisible = 0;
			defaultConfigurationName = Release;
		};
/* End XCConfigurationList section */

/* Begin XCVersionGroup section */
		2D17011D21D2B3CE0009A316 /* BeerMais.xcdatamodeld */ = {
			isa = XCVersionGroup;
			children = (
				2D17011E21D2B3CE0009A316 /* BeerMais.xcdatamodel */,
			);
			currentVersion = 2D17011E21D2B3CE0009A316 /* BeerMais.xcdatamodel */;
			path = BeerMais.xcdatamodeld;
			sourceTree = "<group>";
			versionGroupType = wrapper.xcdatamodel;
		};
/* End XCVersionGroup section */
	};
	rootObject = 2D17010B21D2B3CD0009A316 /* Project object */;
}
