// !$*UTF8*$!
{
	archiveVersion = 1;
	classes = {
	};
	objectVersion = 52;
	objects = {

/* Begin PBXBuildFile section */
		135EA926E16A3F7FF9C78F58 /* Pods_BeerMais.framework in Frameworks */ = {isa = PBXBuildFile; fileRef = 96AC5C17B18D5CE744EE5228 /* Pods_BeerMais.framework */; };
		2D1D3E4621F670C9008F51AC /* BeerCollectionViewCell.swift in Sources */ = {isa = PBXBuildFile; fileRef = 2D17013021D2DD320009A316 /* BeerCollectionViewCell.swift */; };
		2D1D3E4721F670C9008F51AC /* ResumeBeersVC.swift in Sources */ = {isa = PBXBuildFile; fileRef = 2D17013321D2DECE0009A316 /* ResumeBeersVC.swift */; };
		2D1D3E4821F670C9008F51AC /* CoreDataP.swift in Sources */ = {isa = PBXBuildFile; fileRef = 2D17013B21D32E030009A316 /* CoreDataP.swift */; };
		2D1D3E4921F670C9008F51AC /* BeerMais.xcdatamodeld in Sources */ = {isa = PBXBuildFile; fileRef = 2D17011D21D2B3CE0009A316 /* BeerMais.xcdatamodeld */; };
		2D1D3E4A21F670C9008F51AC /* BeerP.swift in Sources */ = {isa = PBXBuildFile; fileRef = 2D17013D21D32EBC0009A316 /* BeerP.swift */; };
		2D1D3E4B21F670C9008F51AC /* AppP.swift in Sources */ = {isa = PBXBuildFile; fileRef = 2D17014121D442480009A316 /* AppP.swift */; };
		2D1D3E4C21F670C9008F51AC /* Beer+CoreDataProperties.swift in Sources */ = {isa = PBXBuildFile; fileRef = 2D17013721D32AE80009A316 /* Beer+CoreDataProperties.swift */; };
		2D1D3E4D21F670C9008F51AC /* AppDelegate.swift in Sources */ = {isa = PBXBuildFile; fileRef = 2D17011621D2B3CE0009A316 /* AppDelegate.swift */; };
		2D1D3E4E21F670C9008F51AC /* Beer+CoreDataClass.swift in Sources */ = {isa = PBXBuildFile; fileRef = 2D17013621D32AE80009A316 /* Beer+CoreDataClass.swift */; };
		2D1D3E4F21F670C9008F51AC /* NewBeerVC.swift in Sources */ = {isa = PBXBuildFile; fileRef = 2D17014821D45BAF0009A316 /* NewBeerVC.swift */; };
		2D1D3E5321F670C9008F51AC /* LaunchScreen.storyboard in Resources */ = {isa = PBXBuildFile; fileRef = 2D17012221D2B3CF0009A316 /* LaunchScreen.storyboard */; };
		2D1D3E5621F670C9008F51AC /* BeerCollectionCell.xib in Resources */ = {isa = PBXBuildFile; fileRef = 2D17012D21D2DCB50009A316 /* BeerCollectionCell.xib */; };
		2D1D3E5721F670C9008F51AC /* Assets.xcassets in Resources */ = {isa = PBXBuildFile; fileRef = 2D17012021D2B3CF0009A316 /* Assets.xcassets */; };
		2D1D3E5921F670C9008F51AC /* Main.storyboard in Resources */ = {isa = PBXBuildFile; fileRef = 2D17011A21D2B3CE0009A316 /* Main.storyboard */; };
		2D2630A22312FBBA00F02E45 /* NewBeer.storyboard in Resources */ = {isa = PBXBuildFile; fileRef = 2D2630A52312FBBA00F02E45 /* NewBeer.storyboard */; };
		2D2630AA2312FBFE00F02E45 /* Alert.storyboard in Resources */ = {isa = PBXBuildFile; fileRef = 2D2630AD2312FBFE00F02E45 /* Alert.storyboard */; };
		2D2630B22312FC2400F02E45 /* About.storyboard in Resources */ = {isa = PBXBuildFile; fileRef = 2D2630B52312FC2400F02E45 /* About.storyboard */; };
		2D2630BD2312FFFE00F02E45 /* Localizable.strings in Resources */ = {isa = PBXBuildFile; fileRef = 2D2630C02312FFFE00F02E45 /* Localizable.strings */; };
		2D2630C82313021700F02E45 /* StringExtensions.swift in Sources */ = {isa = PBXBuildFile; fileRef = 2D2630C72313021700F02E45 /* StringExtensions.swift */; };
		2D4C51F9254F85CB00D0B2D0 /* WidgetKit.framework in Frameworks */ = {isa = PBXBuildFile; fileRef = 2D4C51F8254F85CB00D0B2D0 /* WidgetKit.framework */; };
		2D4C51FB254F85CB00D0B2D0 /* SwiftUI.framework in Frameworks */ = {isa = PBXBuildFile; fileRef = 2D4C51FA254F85CB00D0B2D0 /* SwiftUI.framework */; };
		2D4C51FE254F85CB00D0B2D0 /* BeerMais_widget.swift in Sources */ = {isa = PBXBuildFile; fileRef = 2D4C51FD254F85CB00D0B2D0 /* BeerMais_widget.swift */; };
		2D4C5201254F85CC00D0B2D0 /* Assets.xcassets in Resources */ = {isa = PBXBuildFile; fileRef = 2D4C5200254F85CC00D0B2D0 /* Assets.xcassets */; };
		2D4C5207254F85CC00D0B2D0 /* BeerMais widgetExtension.appex in Embed App Extensions */ = {isa = PBXBuildFile; fileRef = 2D4C51F7254F85CB00D0B2D0 /* BeerMais widgetExtension.appex */; settings = {ATTRIBUTES = (RemoveHeadersOnCopy, ); }; };
		2D4C5216254F921C00D0B2D0 /* Beer+CoreDataClass.swift in Sources */ = {isa = PBXBuildFile; fileRef = 2D17013621D32AE80009A316 /* Beer+CoreDataClass.swift */; };
		2D4C521A254F921E00D0B2D0 /* Beer+CoreDataProperties.swift in Sources */ = {isa = PBXBuildFile; fileRef = 2D17013721D32AE80009A316 /* Beer+CoreDataProperties.swift */; };
		2D4C526E254FB26100D0B2D0 /* Assets.xcassets in Resources */ = {isa = PBXBuildFile; fileRef = 2D17012021D2B3CF0009A316 /* Assets.xcassets */; };
		2D616DEC22541FCE005E8BF7 /* AboutVC.swift in Sources */ = {isa = PBXBuildFile; fileRef = 2D616DEB22541FCE005E8BF7 /* AboutVC.swift */; };
		2D616DEF22542091005E8BF7 /* VersionP.swift in Sources */ = {isa = PBXBuildFile; fileRef = 2D616DEE22542091005E8BF7 /* VersionP.swift */; };
		2D6FB1F921F7868E00407BC9 /* AlertVC.swift in Sources */ = {isa = PBXBuildFile; fileRef = 2D6FB1F821F7868E00407BC9 /* AlertVC.swift */; };
		2DD7E2B621F6737E0084E17F /* SettingsP.swift in Sources */ = {isa = PBXBuildFile; fileRef = 2DD7E2B421F6737D0084E17F /* SettingsP.swift */; };
		8FC20ECF012FCDFA85BF7C51 /* Pods_BeerMais_Clip.framework in Frameworks */ = {isa = PBXBuildFile; fileRef = 837D14B06638DFDCBCCE322B /* Pods_BeerMais_Clip.framework */; };
		A14E361F259AF7E70080578E /* GoogleMobileAds.xcframework in Frameworks */ = {isa = PBXBuildFile; fileRef = A14E35FF259AF7960080578E /* GoogleMobileAds.xcframework */; };
		A18158B02597D1D5004B2018 /* AppDelegate.swift in Sources */ = {isa = PBXBuildFile; fileRef = A18158AF2597D1D5004B2018 /* AppDelegate.swift */; };
		A18158B22597D1D5004B2018 /* SceneDelegate.swift in Sources */ = {isa = PBXBuildFile; fileRef = A18158B12597D1D5004B2018 /* SceneDelegate.swift */; };
		A18158BC2597D1D7004B2018 /* Assets.xcassets in Resources */ = {isa = PBXBuildFile; fileRef = A18158BB2597D1D7004B2018 /* Assets.xcassets */; };
		A18158CD2597D25D004B2018 /* Assets.xcassets in Resources */ = {isa = PBXBuildFile; fileRef = 2D17012021D2B3CF0009A316 /* Assets.xcassets */; };
		A18159032597DF99004B2018 /* ResumeBeersVC.swift in Sources */ = {isa = PBXBuildFile; fileRef = 2D17013321D2DECE0009A316 /* ResumeBeersVC.swift */; };
		A18159072597E04F004B2018 /* BeerP.swift in Sources */ = {isa = PBXBuildFile; fileRef = 2D17013D21D32EBC0009A316 /* BeerP.swift */; };
		A181590B2597E059004B2018 /* Beer+CoreDataProperties.swift in Sources */ = {isa = PBXBuildFile; fileRef = 2D17013721D32AE80009A316 /* Beer+CoreDataProperties.swift */; };
		A181590C2597E059004B2018 /* Beer+CoreDataClass.swift in Sources */ = {isa = PBXBuildFile; fileRef = 2D17013621D32AE80009A316 /* Beer+CoreDataClass.swift */; };
		A18159102597E069004B2018 /* AlertVC.swift in Sources */ = {isa = PBXBuildFile; fileRef = 2D6FB1F821F7868E00407BC9 /* AlertVC.swift */; };
		A18159142597E06D004B2018 /* NewBeerVC.swift in Sources */ = {isa = PBXBuildFile; fileRef = 2D17014821D45BAF0009A316 /* NewBeerVC.swift */; };
		A18159182597E080004B2018 /* BeerCollectionViewCell.swift in Sources */ = {isa = PBXBuildFile; fileRef = 2D17013021D2DD320009A316 /* BeerCollectionViewCell.swift */; };
		A181591C2597E089004B2018 /* BeerCollectionCell.xib in Resources */ = {isa = PBXBuildFile; fileRef = 2D17012D21D2DCB50009A316 /* BeerCollectionCell.xib */; };
		A18159202597E08F004B2018 /* Alert.storyboard in Resources */ = {isa = PBXBuildFile; fileRef = 2D2630AD2312FBFE00F02E45 /* Alert.storyboard */; };
		A18159242597E093004B2018 /* NewBeer.storyboard in Resources */ = {isa = PBXBuildFile; fileRef = 2D2630A52312FBBA00F02E45 /* NewBeer.storyboard */; };
		A18159282597E09A004B2018 /* CoreDataP.swift in Sources */ = {isa = PBXBuildFile; fileRef = 2D17013B21D32E030009A316 /* CoreDataP.swift */; };
		A18159292597E09A004B2018 /* SettingsP.swift in Sources */ = {isa = PBXBuildFile; fileRef = 2DD7E2B421F6737D0084E17F /* SettingsP.swift */; };
		A181592A2597E09A004B2018 /* VersionP.swift in Sources */ = {isa = PBXBuildFile; fileRef = 2D616DEE22542091005E8BF7 /* VersionP.swift */; };
		A181592B2597E09A004B2018 /* AppP.swift in Sources */ = {isa = PBXBuildFile; fileRef = 2D17014121D442480009A316 /* AppP.swift */; };
		A18159662597E242004B2018 /* StringExtensions.swift in Sources */ = {isa = PBXBuildFile; fileRef = 2D2630C72313021700F02E45 /* StringExtensions.swift */; };
		A181596B2597E312004B2018 /* Main.storyboard in Resources */ = {isa = PBXBuildFile; fileRef = 2D17011A21D2B3CE0009A316 /* Main.storyboard */; };
		A181598A2597E358004B2018 /* About.storyboard in Resources */ = {isa = PBXBuildFile; fileRef = 2D2630B52312FC2400F02E45 /* About.storyboard */; };
		A18159B22597E8F8004B2018 /* BeerMais.xcdatamodeld in Sources */ = {isa = PBXBuildFile; fileRef = 2D17011D21D2B3CE0009A316 /* BeerMais.xcdatamodeld */; };
		A18159BB2597E98A004B2018 /* AboutVC.swift in Sources */ = {isa = PBXBuildFile; fileRef = 2D616DEB22541FCE005E8BF7 /* AboutVC.swift */; };
		A18159C02597EA26004B2018 /* Localizable.strings in Resources */ = {isa = PBXBuildFile; fileRef = 2D2630C02312FFFE00F02E45 /* Localizable.strings */; };
		A18159C52597EA8A004B2018 /* LaunchScreen.storyboard in Resources */ = {isa = PBXBuildFile; fileRef = 2D17012221D2B3CF0009A316 /* LaunchScreen.storyboard */; };
		A19FDD58259AC9940007E828 /* BeerMais Clip.app in Embed App Clips */ = {isa = PBXBuildFile; fileRef = A18158AD2597D1D4004B2018 /* BeerMais Clip.app */; settings = {ATTRIBUTES = (RemoveHeadersOnCopy, ); }; };
/* End PBXBuildFile section */

/* Begin PBXContainerItemProxy section */
		2D4C5205254F85CC00D0B2D0 /* PBXContainerItemProxy */ = {
			isa = PBXContainerItemProxy;
			containerPortal = 2D17010B21D2B3CD0009A316 /* Project object */;
			proxyType = 1;
			remoteGlobalIDString = 2D4C51F6254F85CB00D0B2D0;
			remoteInfo = "BeerMais widgetExtension";
		};
		A190D1BC259B78D000DDB6F5 /* PBXContainerItemProxy */ = {
			isa = PBXContainerItemProxy;
			containerPortal = 2D17010B21D2B3CD0009A316 /* Project object */;
			proxyType = 1;
			remoteGlobalIDString = A18158AC2597D1D4004B2018;
			remoteInfo = "BeerMais Clip";
		};
/* End PBXContainerItemProxy section */

/* Begin PBXCopyFilesBuildPhase section */
		2D4C5208254F85CC00D0B2D0 /* Embed App Extensions */ = {
			isa = PBXCopyFilesBuildPhase;
			buildActionMask = 2147483647;
			dstPath = "";
			dstSubfolderSpec = 13;
			files = (
				2D4C5207254F85CC00D0B2D0 /* BeerMais widgetExtension.appex in Embed App Extensions */,
			);
			name = "Embed App Extensions";
			runOnlyForDeploymentPostprocessing = 0;
		};
		A19FDD5B259AC9950007E828 /* Embed App Clips */ = {
			isa = PBXCopyFilesBuildPhase;
			buildActionMask = 2147483647;
			dstPath = "$(CONTENTS_FOLDER_PATH)/AppClips";
			dstSubfolderSpec = 16;
			files = (
				A19FDD58259AC9940007E828 /* BeerMais Clip.app in Embed App Clips */,
			);
			name = "Embed App Clips";
			runOnlyForDeploymentPostprocessing = 0;
		};
/* End PBXCopyFilesBuildPhase section */

/* Begin PBXFileReference section */
		2D17011621D2B3CE0009A316 /* AppDelegate.swift */ = {isa = PBXFileReference; lastKnownFileType = sourcecode.swift; path = AppDelegate.swift; sourceTree = "<group>"; };
		2D17011B21D2B3CE0009A316 /* Base */ = {isa = PBXFileReference; lastKnownFileType = file.storyboard; name = Base; path = Base.lproj/Main.storyboard; sourceTree = "<group>"; };
		2D17011E21D2B3CE0009A316 /* BeerMais.xcdatamodel */ = {isa = PBXFileReference; lastKnownFileType = wrapper.xcdatamodel; path = BeerMais.xcdatamodel; sourceTree = "<group>"; };
		2D17012021D2B3CF0009A316 /* Assets.xcassets */ = {isa = PBXFileReference; lastKnownFileType = folder.assetcatalog; path = Assets.xcassets; sourceTree = "<group>"; };
		2D17012321D2B3CF0009A316 /* Base */ = {isa = PBXFileReference; lastKnownFileType = file.storyboard; name = Base; path = Base.lproj/LaunchScreen.storyboard; sourceTree = "<group>"; };
		2D17012D21D2DCB50009A316 /* BeerCollectionCell.xib */ = {isa = PBXFileReference; lastKnownFileType = file.xib; path = BeerCollectionCell.xib; sourceTree = "<group>"; };
		2D17013021D2DD320009A316 /* BeerCollectionViewCell.swift */ = {isa = PBXFileReference; lastKnownFileType = sourcecode.swift; path = BeerCollectionViewCell.swift; sourceTree = "<group>"; };
		2D17013321D2DECE0009A316 /* ResumeBeersVC.swift */ = {isa = PBXFileReference; lastKnownFileType = sourcecode.swift; path = ResumeBeersVC.swift; sourceTree = "<group>"; };
		2D17013621D32AE80009A316 /* Beer+CoreDataClass.swift */ = {isa = PBXFileReference; lastKnownFileType = sourcecode.swift; path = "Beer+CoreDataClass.swift"; sourceTree = "<group>"; };
		2D17013721D32AE80009A316 /* Beer+CoreDataProperties.swift */ = {isa = PBXFileReference; lastKnownFileType = sourcecode.swift; path = "Beer+CoreDataProperties.swift"; sourceTree = "<group>"; };
		2D17013B21D32E030009A316 /* CoreDataP.swift */ = {isa = PBXFileReference; lastKnownFileType = sourcecode.swift; path = CoreDataP.swift; sourceTree = "<group>"; };
		2D17013D21D32EBC0009A316 /* BeerP.swift */ = {isa = PBXFileReference; lastKnownFileType = sourcecode.swift; path = BeerP.swift; sourceTree = "<group>"; };
		2D17014121D442480009A316 /* AppP.swift */ = {isa = PBXFileReference; lastKnownFileType = sourcecode.swift; path = AppP.swift; sourceTree = "<group>"; };
		2D17014821D45BAF0009A316 /* NewBeerVC.swift */ = {isa = PBXFileReference; lastKnownFileType = sourcecode.swift; path = NewBeerVC.swift; sourceTree = "<group>"; };
		2D1D3E3E21F66E4D008F51AC /* Settings.plist */ = {isa = PBXFileReference; lastKnownFileType = text.plist.xml; path = Settings.plist; sourceTree = "<group>"; };
		2D1D3E5F21F670C9008F51AC /* BeerMais.app */ = {isa = PBXFileReference; explicitFileType = wrapper.application; includeInIndex = 0; path = BeerMais.app; sourceTree = BUILT_PRODUCTS_DIR; };
		2D1D3E6221F67183008F51AC /* Settings.plist */ = {isa = PBXFileReference; lastKnownFileType = text.plist.xml; path = Settings.plist; sourceTree = "<group>"; };
		2D26309D2312FA5600F02E45 /* en */ = {isa = PBXFileReference; lastKnownFileType = text.plist.strings; name = en; path = en.lproj/Main.strings; sourceTree = "<group>"; };
		2D26309E2312FAA200F02E45 /* pt-BR */ = {isa = PBXFileReference; lastKnownFileType = text.plist.strings; name = "pt-BR"; path = "pt-BR.lproj/Main.strings"; sourceTree = "<group>"; };
		2D26309F2312FAA200F02E45 /* pt-BR */ = {isa = PBXFileReference; lastKnownFileType = text.plist.strings; name = "pt-BR"; path = "pt-BR.lproj/LaunchScreen.strings"; sourceTree = "<group>"; };
		2D2630A12312FB8F00F02E45 /* en */ = {isa = PBXFileReference; lastKnownFileType = text.plist.strings; name = en; path = en.lproj/LaunchScreen.strings; sourceTree = "<group>"; };
		2D2630A42312FBBA00F02E45 /* Base */ = {isa = PBXFileReference; lastKnownFileType = file.storyboard; name = Base; path = Base.lproj/NewBeer.storyboard; sourceTree = "<group>"; };
		2D2630A72312FBC500F02E45 /* en */ = {isa = PBXFileReference; lastKnownFileType = text.plist.strings; name = en; path = en.lproj/NewBeer.strings; sourceTree = "<group>"; };
		2D2630A92312FBC700F02E45 /* pt-BR */ = {isa = PBXFileReference; lastKnownFileType = text.plist.strings; name = "pt-BR"; path = "pt-BR.lproj/NewBeer.strings"; sourceTree = "<group>"; };
		2D2630AC2312FBFE00F02E45 /* Base */ = {isa = PBXFileReference; lastKnownFileType = file.storyboard; name = Base; path = Base.lproj/Alert.storyboard; sourceTree = "<group>"; };
		2D2630AF2312FC0500F02E45 /* en */ = {isa = PBXFileReference; lastKnownFileType = text.plist.strings; name = en; path = en.lproj/Alert.strings; sourceTree = "<group>"; };
		2D2630B12312FC0600F02E45 /* pt-BR */ = {isa = PBXFileReference; lastKnownFileType = text.plist.strings; name = "pt-BR"; path = "pt-BR.lproj/Alert.strings"; sourceTree = "<group>"; };
		2D2630B42312FC2400F02E45 /* Base */ = {isa = PBXFileReference; lastKnownFileType = file.storyboard; name = Base; path = Base.lproj/About.storyboard; sourceTree = "<group>"; };
		2D2630B72312FC2800F02E45 /* en */ = {isa = PBXFileReference; lastKnownFileType = text.plist.strings; name = en; path = en.lproj/About.strings; sourceTree = "<group>"; };
		2D2630B92312FC2900F02E45 /* pt-BR */ = {isa = PBXFileReference; lastKnownFileType = text.plist.strings; name = "pt-BR"; path = "pt-BR.lproj/About.strings"; sourceTree = "<group>"; };
		2D2630BF2312FFFE00F02E45 /* en */ = {isa = PBXFileReference; lastKnownFileType = text.plist.strings; name = en; path = en.lproj/Localizable.strings; sourceTree = "<group>"; };
		2D2630C62313008A00F02E45 /* pt-BR */ = {isa = PBXFileReference; lastKnownFileType = text.plist.strings; name = "pt-BR"; path = "pt-BR.lproj/Localizable.strings"; sourceTree = "<group>"; };
		2D2630C72313021700F02E45 /* StringExtensions.swift */ = {isa = PBXFileReference; lastKnownFileType = sourcecode.swift; path = StringExtensions.swift; sourceTree = "<group>"; };
		2D4C51F7254F85CB00D0B2D0 /* BeerMais widgetExtension.appex */ = {isa = PBXFileReference; explicitFileType = "wrapper.app-extension"; includeInIndex = 0; path = "BeerMais widgetExtension.appex"; sourceTree = BUILT_PRODUCTS_DIR; };
		2D4C51F8254F85CB00D0B2D0 /* WidgetKit.framework */ = {isa = PBXFileReference; lastKnownFileType = wrapper.framework; name = WidgetKit.framework; path = System/Library/Frameworks/WidgetKit.framework; sourceTree = SDKROOT; };
		2D4C51FA254F85CB00D0B2D0 /* SwiftUI.framework */ = {isa = PBXFileReference; lastKnownFileType = wrapper.framework; name = SwiftUI.framework; path = System/Library/Frameworks/SwiftUI.framework; sourceTree = SDKROOT; };
		2D4C51FD254F85CB00D0B2D0 /* BeerMais_widget.swift */ = {isa = PBXFileReference; lastKnownFileType = sourcecode.swift; path = BeerMais_widget.swift; sourceTree = "<group>"; };
		2D4C5200254F85CC00D0B2D0 /* Assets.xcassets */ = {isa = PBXFileReference; lastKnownFileType = folder.assetcatalog; path = Assets.xcassets; sourceTree = "<group>"; };
		2D4C5202254F85CC00D0B2D0 /* Info.plist */ = {isa = PBXFileReference; lastKnownFileType = text.plist.xml; path = Info.plist; sourceTree = "<group>"; };
		2D4C5252254FA19C00D0B2D0 /* BeerMais widgetExtension.entitlements */ = {isa = PBXFileReference; lastKnownFileType = text.plist.entitlements; path = "BeerMais widgetExtension.entitlements"; sourceTree = "<group>"; };
		2D616DEB22541FCE005E8BF7 /* AboutVC.swift */ = {isa = PBXFileReference; lastKnownFileType = sourcecode.swift; path = AboutVC.swift; sourceTree = "<group>"; };
		2D616DEE22542091005E8BF7 /* VersionP.swift */ = {isa = PBXFileReference; lastKnownFileType = sourcecode.swift; path = VersionP.swift; sourceTree = "<group>"; };
		2D6FB1F821F7868E00407BC9 /* AlertVC.swift */ = {isa = PBXFileReference; lastKnownFileType = sourcecode.swift; path = AlertVC.swift; sourceTree = "<group>"; };
		2D779F64244D1DA80010C769 /* GoogleService-Info.plist */ = {isa = PBXFileReference; fileEncoding = 4; lastKnownFileType = text.plist.xml; path = "GoogleService-Info.plist"; sourceTree = "<group>"; };
		2D779F66244D20830010C769 /* GoogleService-Info.plist */ = {isa = PBXFileReference; fileEncoding = 4; lastKnownFileType = text.plist.xml; path = "GoogleService-Info.plist"; sourceTree = "<group>"; };
		2D92A1F0222B70D200690ED6 /* BeerMais.entitlements */ = {isa = PBXFileReference; lastKnownFileType = text.plist.entitlements; path = BeerMais.entitlements; sourceTree = "<group>"; };
		2D92A1F2222B71AF00690ED6 /* BeerMais Dev.entitlements */ = {isa = PBXFileReference; lastKnownFileType = text.plist.entitlements; path = "BeerMais Dev.entitlements"; sourceTree = "<group>"; };
		2DD7E2B421F6737D0084E17F /* SettingsP.swift */ = {isa = PBXFileReference; lastKnownFileType = sourcecode.swift; path = SettingsP.swift; sourceTree = "<group>"; };
		2DD8D82D224FCA4D004EE31C /* Info.plist */ = {isa = PBXFileReference; fileEncoding = 4; lastKnownFileType = text.plist.xml; path = Info.plist; sourceTree = "<group>"; };
		2DD8D82F224FCA6C004EE31C /* Info.plist */ = {isa = PBXFileReference; fileEncoding = 4; lastKnownFileType = text.plist.xml; path = Info.plist; sourceTree = "<group>"; };
		395940B3495430087B1634A9 /* Pods-BeerMais.release.xcconfig */ = {isa = PBXFileReference; includeInIndex = 1; lastKnownFileType = text.xcconfig; name = "Pods-BeerMais.release.xcconfig"; path = "Target Support Files/Pods-BeerMais/Pods-BeerMais.release.xcconfig"; sourceTree = "<group>"; };
		837D14B06638DFDCBCCE322B /* Pods_BeerMais_Clip.framework */ = {isa = PBXFileReference; explicitFileType = wrapper.framework; includeInIndex = 0; path = Pods_BeerMais_Clip.framework; sourceTree = BUILT_PRODUCTS_DIR; };
		889B3E5EC6CD22AB0F292A3F /* Pods-BeerMais.debug.xcconfig */ = {isa = PBXFileReference; includeInIndex = 1; lastKnownFileType = text.xcconfig; name = "Pods-BeerMais.debug.xcconfig"; path = "Target Support Files/Pods-BeerMais/Pods-BeerMais.debug.xcconfig"; sourceTree = "<group>"; };
		96AC5C17B18D5CE744EE5228 /* Pods_BeerMais.framework */ = {isa = PBXFileReference; explicitFileType = wrapper.framework; includeInIndex = 0; path = Pods_BeerMais.framework; sourceTree = BUILT_PRODUCTS_DIR; };
		A14E34AA259AF03D0080578E /* BeerMais_Clip-debug.entitlements */ = {isa = PBXFileReference; lastKnownFileType = text.plist.entitlements; path = "BeerMais_Clip-debug.entitlements"; sourceTree = "<group>"; };
		A14E35FF259AF7960080578E /* GoogleMobileAds.xcframework */ = {isa = PBXFileReference; lastKnownFileType = wrapper.xcframework; name = GoogleMobileAds.xcframework; path = "Pods/Google-Mobile-Ads-SDK/Frameworks/GoogleMobileAdsFramework-Current/GoogleMobileAds.xcframework"; sourceTree = "<group>"; };
		A18158AD2597D1D4004B2018 /* BeerMais Clip.app */ = {isa = PBXFileReference; explicitFileType = wrapper.application; includeInIndex = 0; path = "BeerMais Clip.app"; sourceTree = BUILT_PRODUCTS_DIR; };
		A18158AF2597D1D5004B2018 /* AppDelegate.swift */ = {isa = PBXFileReference; lastKnownFileType = sourcecode.swift; path = AppDelegate.swift; sourceTree = "<group>"; };
		A18158B12597D1D5004B2018 /* SceneDelegate.swift */ = {isa = PBXFileReference; lastKnownFileType = sourcecode.swift; path = SceneDelegate.swift; sourceTree = "<group>"; };
		A18158BB2597D1D7004B2018 /* Assets.xcassets */ = {isa = PBXFileReference; lastKnownFileType = folder.assetcatalog; path = Assets.xcassets; sourceTree = "<group>"; };
		A18158C02597D1D7004B2018 /* Info.plist */ = {isa = PBXFileReference; lastKnownFileType = text.plist.xml; path = Info.plist; sourceTree = "<group>"; };
		A18158C12597D1D7004B2018 /* BeerMais_Clip.entitlements */ = {isa = PBXFileReference; lastKnownFileType = text.plist.entitlements; path = BeerMais_Clip.entitlements; sourceTree = "<group>"; };
		C7757FFEB8F4A411E40E44A8 /* Pods-BeerMais Clip.release.xcconfig */ = {isa = PBXFileReference; includeInIndex = 1; lastKnownFileType = text.xcconfig; name = "Pods-BeerMais Clip.release.xcconfig"; path = "Target Support Files/Pods-BeerMais Clip/Pods-BeerMais Clip.release.xcconfig"; sourceTree = "<group>"; };
		E632AA530D07568789CAC617 /* Pods-BeerMais Clip.debug.xcconfig */ = {isa = PBXFileReference; includeInIndex = 1; lastKnownFileType = text.xcconfig; name = "Pods-BeerMais Clip.debug.xcconfig"; path = "Target Support Files/Pods-BeerMais Clip/Pods-BeerMais Clip.debug.xcconfig"; sourceTree = "<group>"; };
/* End PBXFileReference section */

/* Begin PBXFrameworksBuildPhase section */
		2D1D3E5021F670C9008F51AC /* Frameworks */ = {
			isa = PBXFrameworksBuildPhase;
			buildActionMask = 2147483647;
			files = (
				135EA926E16A3F7FF9C78F58 /* Pods_BeerMais.framework in Frameworks */,
			);
			runOnlyForDeploymentPostprocessing = 0;
		};
		2D4C51F4254F85CB00D0B2D0 /* Frameworks */ = {
			isa = PBXFrameworksBuildPhase;
			buildActionMask = 2147483647;
			files = (
				2D4C51FB254F85CB00D0B2D0 /* SwiftUI.framework in Frameworks */,
				2D4C51F9254F85CB00D0B2D0 /* WidgetKit.framework in Frameworks */,
			);
			runOnlyForDeploymentPostprocessing = 0;
		};
		A18158AA2597D1D4004B2018 /* Frameworks */ = {
			isa = PBXFrameworksBuildPhase;
			buildActionMask = 2147483647;
			files = (
				A14E361F259AF7E70080578E /* GoogleMobileAds.xcframework in Frameworks */,
				8FC20ECF012FCDFA85BF7C51 /* Pods_BeerMais_Clip.framework in Frameworks */,
			);
			runOnlyForDeploymentPostprocessing = 0;
		};
/* End PBXFrameworksBuildPhase section */

/* Begin PBXGroup section */
		028B07AEAE6FAB64F9A304E9 /* Pods */ = {
			isa = PBXGroup;
			children = (
				889B3E5EC6CD22AB0F292A3F /* Pods-BeerMais.debug.xcconfig */,
				395940B3495430087B1634A9 /* Pods-BeerMais.release.xcconfig */,
				E632AA530D07568789CAC617 /* Pods-BeerMais Clip.debug.xcconfig */,
				C7757FFEB8F4A411E40E44A8 /* Pods-BeerMais Clip.release.xcconfig */,
			);
			path = Pods;
			sourceTree = "<group>";
		};
		2D17010A21D2B3CD0009A316 = {
			isa = PBXGroup;
			children = (
				2D17011521D2B3CD0009A316 /* BeerMais */,
				2D4C51FC254F85CB00D0B2D0 /* BeerMais widget */,
				A18158AE2597D1D5004B2018 /* BeerMais Clip */,
				2D17011421D2B3CD0009A316 /* Products */,
				540576969A604AB673A2D23F /* Frameworks */,
				028B07AEAE6FAB64F9A304E9 /* Pods */,
			);
			sourceTree = "<group>";
		};
		2D17011421D2B3CD0009A316 /* Products */ = {
			isa = PBXGroup;
			children = (
				2D1D3E5F21F670C9008F51AC /* BeerMais.app */,
				2D4C51F7254F85CB00D0B2D0 /* BeerMais widgetExtension.appex */,
				A18158AD2597D1D4004B2018 /* BeerMais Clip.app */,
			);
			name = Products;
			sourceTree = "<group>";
		};
		2D17011521D2B3CD0009A316 /* BeerMais */ = {
			isa = PBXGroup;
			children = (
				2D92A1F2222B71AF00690ED6 /* BeerMais Dev.entitlements */,
				2D92A1F0222B70D200690ED6 /* BeerMais.entitlements */,
				2D17013221D2DDF10009A316 /* Controllers */,
				2D17013521D32AD20009A316 /* Entities */,
				2D17013A21D32DC90009A316 /* Presenters */,
				2D1D3E3A21F66ADD008F51AC /* Property lists */,
				2D17012B21D2DBDA0009A316 /* Views */,
				2D2630C22313003500F02E45 /* Strings */,
				2D17011621D2B3CE0009A316 /* AppDelegate.swift */,
				2D17012021D2B3CF0009A316 /* Assets.xcassets */,
				2D17011D21D2B3CE0009A316 /* BeerMais.xcdatamodeld */,
			);
			path = BeerMais;
			sourceTree = "<group>";
		};
		2D17012B21D2DBDA0009A316 /* Views */ = {
			isa = PBXGroup;
			children = (
				2D17012C21D2DBFA0009A316 /* CollectionCells */,
				2D17012F21D2DD190009A316 /* CollectionViewCells */,
				2D2630B52312FC2400F02E45 /* About.storyboard */,
				2D2630AD2312FBFE00F02E45 /* Alert.storyboard */,
				2D17011A21D2B3CE0009A316 /* Main.storyboard */,
				2D2630A52312FBBA00F02E45 /* NewBeer.storyboard */,
				2D17012221D2B3CF0009A316 /* LaunchScreen.storyboard */,
			);
			path = Views;
			sourceTree = "<group>";
		};
		2D17012C21D2DBFA0009A316 /* CollectionCells */ = {
			isa = PBXGroup;
			children = (
				2D17012D21D2DCB50009A316 /* BeerCollectionCell.xib */,
			);
			path = CollectionCells;
			sourceTree = "<group>";
		};
		2D17012F21D2DD190009A316 /* CollectionViewCells */ = {
			isa = PBXGroup;
			children = (
				2D17013021D2DD320009A316 /* BeerCollectionViewCell.swift */,
			);
			path = CollectionViewCells;
			sourceTree = "<group>";
		};
		2D17013221D2DDF10009A316 /* Controllers */ = {
			isa = PBXGroup;
			children = (
				2D616DEB22541FCE005E8BF7 /* AboutVC.swift */,
				2D6FB1F821F7868E00407BC9 /* AlertVC.swift */,
				2D17013321D2DECE0009A316 /* ResumeBeersVC.swift */,
				2D17014821D45BAF0009A316 /* NewBeerVC.swift */,
			);
			path = Controllers;
			sourceTree = "<group>";
		};
		2D17013521D32AD20009A316 /* Entities */ = {
			isa = PBXGroup;
			children = (
				2D17013621D32AE80009A316 /* Beer+CoreDataClass.swift */,
				2D17013721D32AE80009A316 /* Beer+CoreDataProperties.swift */,
			);
			path = Entities;
			sourceTree = "<group>";
		};
		2D17013A21D32DC90009A316 /* Presenters */ = {
			isa = PBXGroup;
			children = (
				2D616DEE22542091005E8BF7 /* VersionP.swift */,
				2D17014121D442480009A316 /* AppP.swift */,
				2D17013D21D32EBC0009A316 /* BeerP.swift */,
				2D17013B21D32E030009A316 /* CoreDataP.swift */,
				2DD7E2B421F6737D0084E17F /* SettingsP.swift */,
			);
			path = Presenters;
			sourceTree = "<group>";
		};
		2D1D3E3A21F66ADD008F51AC /* Property lists */ = {
			isa = PBXGroup;
			children = (
				2D1D3E4021F66EC0008F51AC /* Dev */,
				2D1D3E3B21F66AE9008F51AC /* Prod */,
			);
			path = "Property lists";
			sourceTree = "<group>";
		};
		2D1D3E3B21F66AE9008F51AC /* Prod */ = {
			isa = PBXGroup;
			children = (
				2DD8D82D224FCA4D004EE31C /* Info.plist */,
				2D1D3E3E21F66E4D008F51AC /* Settings.plist */,
				2D779F66244D20830010C769 /* GoogleService-Info.plist */,
			);
			path = Prod;
			sourceTree = "<group>";
		};
		2D1D3E4021F66EC0008F51AC /* Dev */ = {
			isa = PBXGroup;
			children = (
				2DD8D82F224FCA6C004EE31C /* Info.plist */,
				2D1D3E6221F67183008F51AC /* Settings.plist */,
				2D779F64244D1DA80010C769 /* GoogleService-Info.plist */,
			);
			path = Dev;
			sourceTree = "<group>";
		};
		2D2630C22313003500F02E45 /* Strings */ = {
			isa = PBXGroup;
			children = (
				2D2630C02312FFFE00F02E45 /* Localizable.strings */,
				2D2630C72313021700F02E45 /* StringExtensions.swift */,
			);
			path = Strings;
			sourceTree = "<group>";
		};
		2D4C51FC254F85CB00D0B2D0 /* BeerMais widget */ = {
			isa = PBXGroup;
			children = (
				2D4C5252254FA19C00D0B2D0 /* BeerMais widgetExtension.entitlements */,
				2D4C51FD254F85CB00D0B2D0 /* BeerMais_widget.swift */,
				2D4C5200254F85CC00D0B2D0 /* Assets.xcassets */,
				2D4C5202254F85CC00D0B2D0 /* Info.plist */,
			);
			path = "BeerMais widget";
			sourceTree = "<group>";
		};
		540576969A604AB673A2D23F /* Frameworks */ = {
			isa = PBXGroup;
			children = (
				A14E35FF259AF7960080578E /* GoogleMobileAds.xcframework */,
				2D4C51F8254F85CB00D0B2D0 /* WidgetKit.framework */,
				2D4C51FA254F85CB00D0B2D0 /* SwiftUI.framework */,
				96AC5C17B18D5CE744EE5228 /* Pods_BeerMais.framework */,
				837D14B06638DFDCBCCE322B /* Pods_BeerMais_Clip.framework */,
			);
			name = Frameworks;
			sourceTree = "<group>";
		};
		A18158AE2597D1D5004B2018 /* BeerMais Clip */ = {
			isa = PBXGroup;
			children = (
				A14E34AA259AF03D0080578E /* BeerMais_Clip-debug.entitlements */,
				A18158C12597D1D7004B2018 /* BeerMais_Clip.entitlements */,
				A18158AF2597D1D5004B2018 /* AppDelegate.swift */,
				A18158B12597D1D5004B2018 /* SceneDelegate.swift */,
				A18158BB2597D1D7004B2018 /* Assets.xcassets */,
				A18158C02597D1D7004B2018 /* Info.plist */,
			);
			path = "BeerMais Clip";
			sourceTree = "<group>";
		};
/* End PBXGroup section */

/* Begin PBXNativeTarget section */
		2D1D3E4321F670C9008F51AC /* BeerMais */ = {
			isa = PBXNativeTarget;
			buildConfigurationList = 2D1D3E5C21F670C9008F51AC /* Build configuration list for PBXNativeTarget "BeerMais" */;
			buildPhases = (
				9A2BB65EE2BB13BBADB3A24D /* [CP] Check Pods Manifest.lock */,
				A19FDDE1259AD2430007E828 /* Copy plists Script */,
				2D1D3E4521F670C9008F51AC /* Sources */,
				2D1D3E5021F670C9008F51AC /* Frameworks */,
				2D1D3E5221F670C9008F51AC /* Resources */,
				2D75DC4E254F4AA700889F47 /* ShellScript */,
				2D4C5208254F85CC00D0B2D0 /* Embed App Extensions */,
				A19FDD5B259AC9950007E828 /* Embed App Clips */,
				2BC5D9DFF7A35C92D2302732 /* [CP] Embed Pods Frameworks */,
			);
			buildRules = (
			);
			dependencies = (
				A190D1BD259B78D000DDB6F5 /* PBXTargetDependency */,
				2D4C5206254F85CC00D0B2D0 /* PBXTargetDependency */,
			);
			name = BeerMais;
			productName = BeerMais;
			productReference = 2D1D3E5F21F670C9008F51AC /* BeerMais.app */;
			productType = "com.apple.product-type.application";
		};
		2D4C51F6254F85CB00D0B2D0 /* BeerMais widgetExtension */ = {
			isa = PBXNativeTarget;
			buildConfigurationList = 2D4C520B254F85CC00D0B2D0 /* Build configuration list for PBXNativeTarget "BeerMais widgetExtension" */;
			buildPhases = (
				2D4C51F3254F85CB00D0B2D0 /* Sources */,
				2D4C51F4254F85CB00D0B2D0 /* Frameworks */,
				2D4C51F5254F85CB00D0B2D0 /* Resources */,
			);
			buildRules = (
			);
			dependencies = (
			);
			name = "BeerMais widgetExtension";
			productName = "BeerMais widgetExtension";
			productReference = 2D4C51F7254F85CB00D0B2D0 /* BeerMais widgetExtension.appex */;
			productType = "com.apple.product-type.app-extension";
		};
		A18158AC2597D1D4004B2018 /* BeerMais Clip */ = {
			isa = PBXNativeTarget;
			buildConfigurationList = A18158C82597D1D7004B2018 /* Build configuration list for PBXNativeTarget "BeerMais Clip" */;
			buildPhases = (
				37B41180344A517BA87A97C4 /* [CP] Check Pods Manifest.lock */,
				A18158A92597D1D4004B2018 /* Sources */,
				A18158AA2597D1D4004B2018 /* Frameworks */,
				A18158AB2597D1D4004B2018 /* Resources */,
				A181598F2597E497004B2018 /* Copy plists */,
				4F3E3E26134A8D05B3B34852 /* [CP] Embed Pods Frameworks */,
			);
			buildRules = (
			);
			dependencies = (
			);
			name = "BeerMais Clip";
			productName = "BeerMais Clip";
			productReference = A18158AD2597D1D4004B2018 /* BeerMais Clip.app */;
			productType = "com.apple.product-type.application.on-demand-install-capable";
		};
/* End PBXNativeTarget section */

/* Begin PBXProject section */
		2D17010B21D2B3CD0009A316 /* Project object */ = {
			isa = PBXProject;
			attributes = {
				LastSwiftUpdateCheck = 1230;
				LastUpgradeCheck = 1200;
				ORGANIZATIONNAME = joseneves;
				TargetAttributes = {
					2D1D3E4321F670C9008F51AC = {
						LastSwiftMigration = 1020;
						SystemCapabilities = {
							com.apple.Push = {
								enabled = 1;
							};
						};
					};
					2D4C51F6254F85CB00D0B2D0 = {
						CreatedOnToolsVersion = 12.1;
					};
					A18158AC2597D1D4004B2018 = {
						CreatedOnToolsVersion = 12.3;
					};
				};
			};
			buildConfigurationList = 2D17010E21D2B3CD0009A316 /* Build configuration list for PBXProject "BeerMais" */;
			compatibilityVersion = "Xcode 9.3";
			developmentRegion = en;
			hasScannedForEncodings = 0;
			knownRegions = (
				en,
				Base,
				"pt-BR",
			);
			mainGroup = 2D17010A21D2B3CD0009A316;
			productRefGroup = 2D17011421D2B3CD0009A316 /* Products */;
			projectDirPath = "";
			projectRoot = "";
			targets = (
				2D1D3E4321F670C9008F51AC /* BeerMais */,
				2D4C51F6254F85CB00D0B2D0 /* BeerMais widgetExtension */,
				A18158AC2597D1D4004B2018 /* BeerMais Clip */,
			);
		};
/* End PBXProject section */

/* Begin PBXResourcesBuildPhase section */
		2D1D3E5221F670C9008F51AC /* Resources */ = {
			isa = PBXResourcesBuildPhase;
			buildActionMask = 2147483647;
			files = (
				2D1D3E5321F670C9008F51AC /* LaunchScreen.storyboard in Resources */,
				2D2630A22312FBBA00F02E45 /* NewBeer.storyboard in Resources */,
				2D2630BD2312FFFE00F02E45 /* Localizable.strings in Resources */,
				2D1D3E5621F670C9008F51AC /* BeerCollectionCell.xib in Resources */,
				2D1D3E5721F670C9008F51AC /* Assets.xcassets in Resources */,
				2D1D3E5921F670C9008F51AC /* Main.storyboard in Resources */,
				2D2630B22312FC2400F02E45 /* About.storyboard in Resources */,
				2D2630AA2312FBFE00F02E45 /* Alert.storyboard in Resources */,
			);
			runOnlyForDeploymentPostprocessing = 0;
		};
		2D4C51F5254F85CB00D0B2D0 /* Resources */ = {
			isa = PBXResourcesBuildPhase;
			buildActionMask = 2147483647;
			files = (
				2D4C526E254FB26100D0B2D0 /* Assets.xcassets in Resources */,
				2D4C5201254F85CC00D0B2D0 /* Assets.xcassets in Resources */,
			);
			runOnlyForDeploymentPostprocessing = 0;
		};
		A18158AB2597D1D4004B2018 /* Resources */ = {
			isa = PBXResourcesBuildPhase;
			buildActionMask = 2147483647;
			files = (
				A181596B2597E312004B2018 /* Main.storyboard in Resources */,
				A181598A2597E358004B2018 /* About.storyboard in Resources */,
				A18159C52597EA8A004B2018 /* LaunchScreen.storyboard in Resources */,
				A18159202597E08F004B2018 /* Alert.storyboard in Resources */,
				A18159C02597EA26004B2018 /* Localizable.strings in Resources */,
				A181591C2597E089004B2018 /* BeerCollectionCell.xib in Resources */,
				A18158BC2597D1D7004B2018 /* Assets.xcassets in Resources */,
				A18158CD2597D25D004B2018 /* Assets.xcassets in Resources */,
				A18159242597E093004B2018 /* NewBeer.storyboard in Resources */,
			);
			runOnlyForDeploymentPostprocessing = 0;
		};
/* End PBXResourcesBuildPhase section */

/* Begin PBXShellScriptBuildPhase section */
		2BC5D9DFF7A35C92D2302732 /* [CP] Embed Pods Frameworks */ = {
			isa = PBXShellScriptBuildPhase;
			buildActionMask = 2147483647;
			files = (
			);
			inputFileListPaths = (
				"${PODS_ROOT}/Target Support Files/Pods-BeerMais/Pods-BeerMais-frameworks-${CONFIGURATION}-input-files.xcfilelist",
			);
			name = "[CP] Embed Pods Frameworks";
			outputFileListPaths = (
				"${PODS_ROOT}/Target Support Files/Pods-BeerMais/Pods-BeerMais-frameworks-${CONFIGURATION}-output-files.xcfilelist",
			);
			runOnlyForDeploymentPostprocessing = 0;
			shellPath = /bin/sh;
			shellScript = "\"${PODS_ROOT}/Target Support Files/Pods-BeerMais/Pods-BeerMais-frameworks.sh\"\n";
			showEnvVarsInLog = 0;
		};
		2D75DC4E254F4AA700889F47 /* ShellScript */ = {
			isa = PBXShellScriptBuildPhase;
			buildActionMask = 2147483647;
			files = (
			);
			inputFileListPaths = (
			);
			inputPaths = (
				"$(SRCROOT)/$(BUILT_PRODUCTS_DIR)/$(INFOPLIST_PATH)",
				"${DWARF_DSYM_FOLDER_PATH}/${DWARF_DSYM_FILE_NAME}/Contents/Resources/DWARF/${TARGET_NAME}",
			);
			outputFileListPaths = (
			);
			outputPaths = (
			);
			runOnlyForDeploymentPostprocessing = 0;
			shellPath = /bin/sh;
			shellScript = "\"${PODS_ROOT}/FirebaseCrashlytics/run\"\n";
		};
		37B41180344A517BA87A97C4 /* [CP] Check Pods Manifest.lock */ = {
			isa = PBXShellScriptBuildPhase;
			buildActionMask = 2147483647;
			files = (
			);
			inputFileListPaths = (
			);
			inputPaths = (
				"${PODS_PODFILE_DIR_PATH}/Podfile.lock",
				"${PODS_ROOT}/Manifest.lock",
			);
			name = "[CP] Check Pods Manifest.lock";
			outputFileListPaths = (
			);
			outputPaths = (
				"$(DERIVED_FILE_DIR)/Pods-BeerMais Clip-checkManifestLockResult.txt",
			);
			runOnlyForDeploymentPostprocessing = 0;
			shellPath = /bin/sh;
			shellScript = "diff \"${PODS_PODFILE_DIR_PATH}/Podfile.lock\" \"${PODS_ROOT}/Manifest.lock\" > /dev/null\nif [ $? != 0 ] ; then\n    # print error to STDERR\n    echo \"error: The sandbox is not in sync with the Podfile.lock. Run 'pod install' or update your CocoaPods installation.\" >&2\n    exit 1\nfi\n# This output is used by Xcode 'outputs' to avoid re-running this script phase.\necho \"SUCCESS\" > \"${SCRIPT_OUTPUT_FILE_0}\"\n";
			showEnvVarsInLog = 0;
		};
		4F3E3E26134A8D05B3B34852 /* [CP] Embed Pods Frameworks */ = {
			isa = PBXShellScriptBuildPhase;
			buildActionMask = 2147483647;
			files = (
			);
			inputFileListPaths = (
				"${PODS_ROOT}/Target Support Files/Pods-BeerMais Clip/Pods-BeerMais Clip-frameworks-${CONFIGURATION}-input-files.xcfilelist",
			);
			name = "[CP] Embed Pods Frameworks";
			outputFileListPaths = (
				"${PODS_ROOT}/Target Support Files/Pods-BeerMais Clip/Pods-BeerMais Clip-frameworks-${CONFIGURATION}-output-files.xcfilelist",
			);
			runOnlyForDeploymentPostprocessing = 0;
			shellPath = /bin/sh;
			shellScript = "\"${PODS_ROOT}/Target Support Files/Pods-BeerMais Clip/Pods-BeerMais Clip-frameworks.sh\"\n";
			showEnvVarsInLog = 0;
		};
		9A2BB65EE2BB13BBADB3A24D /* [CP] Check Pods Manifest.lock */ = {
			isa = PBXShellScriptBuildPhase;
			buildActionMask = 2147483647;
			files = (
			);
			inputFileListPaths = (
			);
			inputPaths = (
				"${PODS_PODFILE_DIR_PATH}/Podfile.lock",
				"${PODS_ROOT}/Manifest.lock",
			);
			name = "[CP] Check Pods Manifest.lock";
			outputFileListPaths = (
			);
			outputPaths = (
				"$(DERIVED_FILE_DIR)/Pods-BeerMais-checkManifestLockResult.txt",
			);
			runOnlyForDeploymentPostprocessing = 0;
			shellPath = /bin/sh;
			shellScript = "diff \"${PODS_PODFILE_DIR_PATH}/Podfile.lock\" \"${PODS_ROOT}/Manifest.lock\" > /dev/null\nif [ $? != 0 ] ; then\n    # print error to STDERR\n    echo \"error: The sandbox is not in sync with the Podfile.lock. Run 'pod install' or update your CocoaPods installation.\" >&2\n    exit 1\nfi\n# This output is used by Xcode 'outputs' to avoid re-running this script phase.\necho \"SUCCESS\" > \"${SCRIPT_OUTPUT_FILE_0}\"\n";
			showEnvVarsInLog = 0;
		};
		A181598F2597E497004B2018 /* Copy plists */ = {
			isa = PBXShellScriptBuildPhase;
			buildActionMask = 2147483647;
			files = (
			);
			inputFileListPaths = (
			);
			inputPaths = (
			);
			name = "Copy plists";
			outputFileListPaths = (
			);
			outputPaths = (
			);
			runOnlyForDeploymentPostprocessing = 0;
			shellPath = /bin/sh;
			shellScript = "PATH_TO_PLISTS=\"${PROJECT_DIR}/BeerMais/Property lists\"\n\ncase \"${CONFIGURATION}\" in\n\n   \"DEBUG_APPCLIP\" )\n        cp -r \"$PATH_TO_PLISTS/Dev/GoogleService-Info.plist\" \"${BUILT_PRODUCTS_DIR}/${PRODUCT_NAME}.app/GoogleService-Info.plist\" \n        \n        cp -r \"$PATH_TO_PLISTS/Dev/Settings.plist\" \"${BUILT_PRODUCTS_DIR}/${PRODUCT_NAME}.app/Settings.plist\" ;;\n\n   \"APPCLIP\" )\n        cp -r \"$PATH_TO_PLISTS/Prod/GoogleService-Info.plist\" \"${BUILT_PRODUCTS_DIR}/${PRODUCT_NAME}.app/GoogleService-Info.plist\" \n        \n        cp -r \"$PATH_TO_PLISTS/Prod/Settings.plist\" \"${BUILT_PRODUCTS_DIR}/${PRODUCT_NAME}.app/Settings.plist\" ;;\n\n    *)\n        ;;\nesac\n\n\n";
		};
		A19FDDE1259AD2430007E828 /* Copy plists Script */ = {
			isa = PBXShellScriptBuildPhase;
			buildActionMask = 2147483647;
			files = (
			);
			inputFileListPaths = (
			);
			inputPaths = (
			);
			name = "Copy plists Script";
			outputFileListPaths = (
			);
			outputPaths = (
			);
			runOnlyForDeploymentPostprocessing = 0;
			shellPath = /bin/sh;
			shellScript = "PATH_TO_PLISTS=\"${PROJECT_DIR}/BeerMais/Property lists\"\n\ncase \"${CONFIGURATION}\" in\n\n   \"Debug\" )\n        cp -r \"$PATH_TO_PLISTS/Dev/GoogleService-Info.plist\" \"${BUILT_PRODUCTS_DIR}/${PRODUCT_NAME}.app/GoogleService-Info.plist\" \n        \n        cp -r \"$PATH_TO_PLISTS/Dev/Settings.plist\" \"${BUILT_PRODUCTS_DIR}/${PRODUCT_NAME}.app/Settings.plist\" ;;\n\n   \"Release\" )\n        cp -r \"$PATH_TO_PLISTS/Prod/GoogleService-Info.plist\" \"${BUILT_PRODUCTS_DIR}/${PRODUCT_NAME}.app/GoogleService-Info.plist\" \n        \n        cp -r \"$PATH_TO_PLISTS/Prod/Settings.plist\" \"${BUILT_PRODUCTS_DIR}/${PRODUCT_NAME}.app/Settings.plist\" ;;\n\n    *)\n        ;;\nesac\n\n";
		};
/* End PBXShellScriptBuildPhase section */

/* Begin PBXSourcesBuildPhase section */
		2D1D3E4521F670C9008F51AC /* Sources */ = {
			isa = PBXSourcesBuildPhase;
			buildActionMask = 2147483647;
			files = (
				2D1D3E4621F670C9008F51AC /* BeerCollectionViewCell.swift in Sources */,
				2DD7E2B621F6737E0084E17F /* SettingsP.swift in Sources */,
				2D1D3E4721F670C9008F51AC /* ResumeBeersVC.swift in Sources */,
				2D1D3E4821F670C9008F51AC /* CoreDataP.swift in Sources */,
				2D1D3E4921F670C9008F51AC /* BeerMais.xcdatamodeld in Sources */,
				2D616DEC22541FCE005E8BF7 /* AboutVC.swift in Sources */,
				2D1D3E4A21F670C9008F51AC /* BeerP.swift in Sources */,
				2D1D3E4B21F670C9008F51AC /* AppP.swift in Sources */,
				2D1D3E4C21F670C9008F51AC /* Beer+CoreDataProperties.swift in Sources */,
				2D616DEF22542091005E8BF7 /* VersionP.swift in Sources */,
				2D1D3E4D21F670C9008F51AC /* AppDelegate.swift in Sources */,
				2D6FB1F921F7868E00407BC9 /* AlertVC.swift in Sources */,
				2D2630C82313021700F02E45 /* StringExtensions.swift in Sources */,
				2D1D3E4E21F670C9008F51AC /* Beer+CoreDataClass.swift in Sources */,
				2D1D3E4F21F670C9008F51AC /* NewBeerVC.swift in Sources */,
			);
			runOnlyForDeploymentPostprocessing = 0;
		};
		2D4C51F3254F85CB00D0B2D0 /* Sources */ = {
			isa = PBXSourcesBuildPhase;
			buildActionMask = 2147483647;
			files = (
				2D4C521A254F921E00D0B2D0 /* Beer+CoreDataProperties.swift in Sources */,
				2D4C5216254F921C00D0B2D0 /* Beer+CoreDataClass.swift in Sources */,
				2D4C51FE254F85CB00D0B2D0 /* BeerMais_widget.swift in Sources */,
			);
			runOnlyForDeploymentPostprocessing = 0;
		};
		A18158A92597D1D4004B2018 /* Sources */ = {
			isa = PBXSourcesBuildPhase;
			buildActionMask = 2147483647;
			files = (
				A18159102597E069004B2018 /* AlertVC.swift in Sources */,
				A18159182597E080004B2018 /* BeerCollectionViewCell.swift in Sources */,
				A18159072597E04F004B2018 /* BeerP.swift in Sources */,
				A18159282597E09A004B2018 /* CoreDataP.swift in Sources */,
				A18159B22597E8F8004B2018 /* BeerMais.xcdatamodeld in Sources */,
				A181592A2597E09A004B2018 /* VersionP.swift in Sources */,
				A18159032597DF99004B2018 /* ResumeBeersVC.swift in Sources */,
				A181590C2597E059004B2018 /* Beer+CoreDataClass.swift in Sources */,
				A181590B2597E059004B2018 /* Beer+CoreDataProperties.swift in Sources */,
				A18159142597E06D004B2018 /* NewBeerVC.swift in Sources */,
				A181592B2597E09A004B2018 /* AppP.swift in Sources */,
				A18158B02597D1D5004B2018 /* AppDelegate.swift in Sources */,
				A18159BB2597E98A004B2018 /* AboutVC.swift in Sources */,
				A18159662597E242004B2018 /* StringExtensions.swift in Sources */,
				A18158B22597D1D5004B2018 /* SceneDelegate.swift in Sources */,
				A18159292597E09A004B2018 /* SettingsP.swift in Sources */,
			);
			runOnlyForDeploymentPostprocessing = 0;
		};
/* End PBXSourcesBuildPhase section */

/* Begin PBXTargetDependency section */
		2D4C5206254F85CC00D0B2D0 /* PBXTargetDependency */ = {
			isa = PBXTargetDependency;
			target = 2D4C51F6254F85CB00D0B2D0 /* BeerMais widgetExtension */;
			targetProxy = 2D4C5205254F85CC00D0B2D0 /* PBXContainerItemProxy */;
		};
		A190D1BD259B78D000DDB6F5 /* PBXTargetDependency */ = {
			isa = PBXTargetDependency;
			target = A18158AC2597D1D4004B2018 /* BeerMais Clip */;
			targetProxy = A190D1BC259B78D000DDB6F5 /* PBXContainerItemProxy */;
		};
/* End PBXTargetDependency section */

/* Begin PBXVariantGroup section */
		2D17011A21D2B3CE0009A316 /* Main.storyboard */ = {
			isa = PBXVariantGroup;
			children = (
				2D17011B21D2B3CE0009A316 /* Base */,
				2D26309D2312FA5600F02E45 /* en */,
				2D26309E2312FAA200F02E45 /* pt-BR */,
			);
			name = Main.storyboard;
			sourceTree = "<group>";
		};
		2D17012221D2B3CF0009A316 /* LaunchScreen.storyboard */ = {
			isa = PBXVariantGroup;
			children = (
				2D17012321D2B3CF0009A316 /* Base */,
				2D26309F2312FAA200F02E45 /* pt-BR */,
				2D2630A12312FB8F00F02E45 /* en */,
			);
			name = LaunchScreen.storyboard;
			sourceTree = "<group>";
		};
		2D2630A52312FBBA00F02E45 /* NewBeer.storyboard */ = {
			isa = PBXVariantGroup;
			children = (
				2D2630A42312FBBA00F02E45 /* Base */,
				2D2630A72312FBC500F02E45 /* en */,
				2D2630A92312FBC700F02E45 /* pt-BR */,
			);
			name = NewBeer.storyboard;
			sourceTree = "<group>";
		};
		2D2630AD2312FBFE00F02E45 /* Alert.storyboard */ = {
			isa = PBXVariantGroup;
			children = (
				2D2630AC2312FBFE00F02E45 /* Base */,
				2D2630AF2312FC0500F02E45 /* en */,
				2D2630B12312FC0600F02E45 /* pt-BR */,
			);
			name = Alert.storyboard;
			sourceTree = "<group>";
		};
		2D2630B52312FC2400F02E45 /* About.storyboard */ = {
			isa = PBXVariantGroup;
			children = (
				2D2630B42312FC2400F02E45 /* Base */,
				2D2630B72312FC2800F02E45 /* en */,
				2D2630B92312FC2900F02E45 /* pt-BR */,
			);
			name = About.storyboard;
			sourceTree = "<group>";
		};
		2D2630C02312FFFE00F02E45 /* Localizable.strings */ = {
			isa = PBXVariantGroup;
			children = (
				2D2630BF2312FFFE00F02E45 /* en */,
				2D2630C62313008A00F02E45 /* pt-BR */,
			);
			name = Localizable.strings;
			sourceTree = "<group>";
		};
/* End PBXVariantGroup section */

/* Begin XCBuildConfiguration section */
		2D17012621D2B3CF0009A316 /* Debug */ = {
			isa = XCBuildConfiguration;
			buildSettings = {
				ALWAYS_SEARCH_USER_PATHS = NO;
				CLANG_ANALYZER_LOCALIZABILITY_NONLOCALIZED = YES;
				CLANG_ANALYZER_NONNULL = YES;
				CLANG_ANALYZER_NUMBER_OBJECT_CONVERSION = YES_AGGRESSIVE;
				CLANG_CXX_LANGUAGE_STANDARD = "gnu++14";
				CLANG_CXX_LIBRARY = "libc++";
				CLANG_ENABLE_MODULES = YES;
				CLANG_ENABLE_OBJC_ARC = YES;
				CLANG_ENABLE_OBJC_WEAK = YES;
				CLANG_WARN_BLOCK_CAPTURE_AUTORELEASING = YES;
				CLANG_WARN_BOOL_CONVERSION = YES;
				CLANG_WARN_COMMA = YES;
				CLANG_WARN_CONSTANT_CONVERSION = YES;
				CLANG_WARN_DEPRECATED_OBJC_IMPLEMENTATIONS = YES;
				CLANG_WARN_DIRECT_OBJC_ISA_USAGE = YES_ERROR;
				CLANG_WARN_DOCUMENTATION_COMMENTS = YES;
				CLANG_WARN_EMPTY_BODY = YES;
				CLANG_WARN_ENUM_CONVERSION = YES;
				CLANG_WARN_INFINITE_RECURSION = YES;
				CLANG_WARN_INT_CONVERSION = YES;
				CLANG_WARN_NON_LITERAL_NULL_CONVERSION = YES;
				CLANG_WARN_OBJC_IMPLICIT_RETAIN_SELF = YES;
				CLANG_WARN_OBJC_LITERAL_CONVERSION = YES;
				CLANG_WARN_OBJC_ROOT_CLASS = YES_ERROR;
				CLANG_WARN_QUOTED_INCLUDE_IN_FRAMEWORK_HEADER = YES;
				CLANG_WARN_RANGE_LOOP_ANALYSIS = YES;
				CLANG_WARN_STRICT_PROTOTYPES = YES;
				CLANG_WARN_SUSPICIOUS_MOVE = YES;
				CLANG_WARN_UNGUARDED_AVAILABILITY = YES_AGGRESSIVE;
				CLANG_WARN_UNREACHABLE_CODE = YES;
				CLANG_WARN__DUPLICATE_METHOD_MATCH = YES;
				CODE_SIGN_IDENTITY = "iPhone Developer";
				COPY_PHASE_STRIP = NO;
				DEBUG_INFORMATION_FORMAT = dwarf;
				ENABLE_STRICT_OBJC_MSGSEND = YES;
				ENABLE_TESTABILITY = YES;
				GCC_C_LANGUAGE_STANDARD = gnu11;
				GCC_DYNAMIC_NO_PIC = NO;
				GCC_NO_COMMON_BLOCKS = YES;
				GCC_OPTIMIZATION_LEVEL = 0;
				GCC_PREPROCESSOR_DEFINITIONS = (
					"DEBUG=1",
					"$(inherited)",
				);
				GCC_WARN_64_TO_32_BIT_CONVERSION = YES;
				GCC_WARN_ABOUT_RETURN_TYPE = YES_ERROR;
				GCC_WARN_UNDECLARED_SELECTOR = YES;
				GCC_WARN_UNINITIALIZED_AUTOS = YES_AGGRESSIVE;
				GCC_WARN_UNUSED_FUNCTION = YES;
				GCC_WARN_UNUSED_VARIABLE = YES;
				IPHONEOS_DEPLOYMENT_TARGET = 12.0;
				MTL_ENABLE_DEBUG_INFO = INCLUDE_SOURCE;
				MTL_FAST_MATH = YES;
				ONLY_ACTIVE_ARCH = YES;
				SDKROOT = iphoneos;
				SWIFT_ACTIVE_COMPILATION_CONDITIONS = DEBUG;
				SWIFT_OPTIMIZATION_LEVEL = "-Onone";
			};
			name = Debug;
		};
		2D17012721D2B3CF0009A316 /* Release */ = {
			isa = XCBuildConfiguration;
			buildSettings = {
				ALWAYS_SEARCH_USER_PATHS = NO;
				CLANG_ANALYZER_LOCALIZABILITY_NONLOCALIZED = YES;
				CLANG_ANALYZER_NONNULL = YES;
				CLANG_ANALYZER_NUMBER_OBJECT_CONVERSION = YES_AGGRESSIVE;
				CLANG_CXX_LANGUAGE_STANDARD = "gnu++14";
				CLANG_CXX_LIBRARY = "libc++";
				CLANG_ENABLE_MODULES = YES;
				CLANG_ENABLE_OBJC_ARC = YES;
				CLANG_ENABLE_OBJC_WEAK = YES;
				CLANG_WARN_BLOCK_CAPTURE_AUTORELEASING = YES;
				CLANG_WARN_BOOL_CONVERSION = YES;
				CLANG_WARN_COMMA = YES;
				CLANG_WARN_CONSTANT_CONVERSION = YES;
				CLANG_WARN_DEPRECATED_OBJC_IMPLEMENTATIONS = YES;
				CLANG_WARN_DIRECT_OBJC_ISA_USAGE = YES_ERROR;
				CLANG_WARN_DOCUMENTATION_COMMENTS = YES;
				CLANG_WARN_EMPTY_BODY = YES;
				CLANG_WARN_ENUM_CONVERSION = YES;
				CLANG_WARN_INFINITE_RECURSION = YES;
				CLANG_WARN_INT_CONVERSION = YES;
				CLANG_WARN_NON_LITERAL_NULL_CONVERSION = YES;
				CLANG_WARN_OBJC_IMPLICIT_RETAIN_SELF = YES;
				CLANG_WARN_OBJC_LITERAL_CONVERSION = YES;
				CLANG_WARN_OBJC_ROOT_CLASS = YES_ERROR;
				CLANG_WARN_QUOTED_INCLUDE_IN_FRAMEWORK_HEADER = YES;
				CLANG_WARN_RANGE_LOOP_ANALYSIS = YES;
				CLANG_WARN_STRICT_PROTOTYPES = YES;
				CLANG_WARN_SUSPICIOUS_MOVE = YES;
				CLANG_WARN_UNGUARDED_AVAILABILITY = YES_AGGRESSIVE;
				CLANG_WARN_UNREACHABLE_CODE = YES;
				CLANG_WARN__DUPLICATE_METHOD_MATCH = YES;
				CODE_SIGN_IDENTITY = "iPhone Developer";
				COPY_PHASE_STRIP = NO;
				DEBUG_INFORMATION_FORMAT = "dwarf-with-dsym";
				ENABLE_NS_ASSERTIONS = NO;
				ENABLE_STRICT_OBJC_MSGSEND = YES;
				"EXCLUDED_ARCHS[sdk=iphonesimulator*]" = arm64;
				GCC_C_LANGUAGE_STANDARD = gnu11;
				GCC_NO_COMMON_BLOCKS = YES;
				GCC_WARN_64_TO_32_BIT_CONVERSION = YES;
				GCC_WARN_ABOUT_RETURN_TYPE = YES_ERROR;
				GCC_WARN_UNDECLARED_SELECTOR = YES;
				GCC_WARN_UNINITIALIZED_AUTOS = YES_AGGRESSIVE;
				GCC_WARN_UNUSED_FUNCTION = YES;
				GCC_WARN_UNUSED_VARIABLE = YES;
				IPHONEOS_DEPLOYMENT_TARGET = 12.0;
				MTL_ENABLE_DEBUG_INFO = NO;
				MTL_FAST_MATH = YES;
				SDKROOT = iphoneos;
				SWIFT_COMPILATION_MODE = wholemodule;
				SWIFT_OPTIMIZATION_LEVEL = "-O";
				VALIDATE_PRODUCT = YES;
			};
			name = Release;
		};
		2D1D3E5D21F670C9008F51AC /* Debug */ = {
			isa = XCBuildConfiguration;
			baseConfigurationReference = 889B3E5EC6CD22AB0F292A3F /* Pods-BeerMais.debug.xcconfig */;
			buildSettings = {
				ALWAYS_EMBED_SWIFT_STANDARD_LIBRARIES = YES;
				ASSETCATALOG_COMPILER_APPICON_NAME = AppIcon;
				CODE_SIGN_ENTITLEMENTS = BeerMais/BeerMais.entitlements;
				CODE_SIGN_STYLE = Automatic;
				CURRENT_PROJECT_VERSION = 25;
				DEBUG_INFORMATION_FORMAT = "dwarf-with-dsym";
				DEVELOPMENT_TEAM = 2LEA6X25G9;
				INFOPLIST_FILE = "$(SRCROOT)/BeerMais/Property lists/Dev/Info.plist";
				IPHONEOS_DEPLOYMENT_TARGET = 12.0;
				LD_RUNPATH_SEARCH_PATHS = (
					"$(inherited)",
					"@executable_path/Frameworks",
				);
				MARKETING_VERSION = 1.3.2;
				OTHER_LDFLAGS = (
					"$(inherited)",
					"-l\"c++\"",
					"-l\"sqlite3\"",
					"-l\"sqlite3.0\"",
					"-l\"z\"",
					"-framework",
					"\"AVFoundation\"",
					"-framework",
					"\"Amplitude\"",
					"-framework",
					"\"AudioToolbox\"",
					"-framework",
					"\"CFNetwork\"",
					"-framework",
					"\"CoreGraphics\"",
					"-framework",
					"\"CoreMedia\"",
					"-framework",
					"\"CoreTelephony\"",
					"-framework",
					"\"CoreVideo\"",
					"-framework",
					"\"FBLPromises\"",
					"-framework",
					"\"FirebaseAnalytics\"",
					"-framework",
					"\"FirebaseCore\"",
					"-framework",
					"\"FirebaseCoreDiagnostics\"",
					"-framework",
					"\"FirebaseCrashlytics\"",
					"-framework",
					"\"FirebaseInstallations\"",
					"-framework",
					"\"FirebaseInstanceID\"",
					"-framework",
					"\"FirebaseMessaging\"",
					"-framework",
					"\"Foundation\"",
					"-framework",
					"\"GoogleAppMeasurement\"",
					"-framework",
					"\"GoogleDataTransport\"",
					"-framework",
					"\"GoogleMobileAds\"",
					"-framework",
					"\"GoogleUtilities\"",
					"-framework",
					"\"MDFInternationalization\"",
					"-framework",
					"\"MDFTextAccessibility\"",
					"-framework",
					"\"MaterialComponents\"",
					"-framework",
					"\"MediaPlayer\"",
					"-framework",
					"\"MessageUI\"",
					"-framework",
					"\"MobileCoreServices\"",
					"-framework",
					"\"QuartzCore\"",
					"-framework",
					"\"Security\"",
					"-framework",
					"\"StoreKit\"",
					"-framework",
					"\"SystemConfiguration\"",
					"-framework",
					"\"UIKit\"",
					"-framework",
					"\"UserMessagingPlatform\"",
					"-framework",
					"\"WebKit\"",
					"-framework",
					"\"nanopb\"",
					"-weak_framework",
					"\"AdSupport\"",
					"-weak_framework",
					"\"JavaScriptCore\"",
					"-weak_framework",
					"\"SafariServices\"",
					"-weak_framework",
					"\"UserNotifications\"",
					"-weak_framework",
					"\"WebKit\"",
					"-ObjC",
				);
				PRODUCT_BUNDLE_IDENTIFIER = br.com.joseneves.BeerMais.debug;
				PRODUCT_NAME = "$(TARGET_NAME)";
				SWIFT_VERSION = 5.0;
				TARGETED_DEVICE_FAMILY = 1;
			};
			name = Debug;
		};
		2D1D3E5E21F670C9008F51AC /* Release */ = {
			isa = XCBuildConfiguration;
			baseConfigurationReference = 395940B3495430087B1634A9 /* Pods-BeerMais.release.xcconfig */;
			buildSettings = {
				ALWAYS_EMBED_SWIFT_STANDARD_LIBRARIES = YES;
				ASSETCATALOG_COMPILER_APPICON_NAME = AppIcon;
				CODE_SIGN_ENTITLEMENTS = BeerMais/BeerMais.entitlements;
				CODE_SIGN_STYLE = Automatic;
				CURRENT_PROJECT_VERSION = 25;
				DEVELOPMENT_TEAM = 2LEA6X25G9;
				INFOPLIST_FILE = "$(SRCROOT)/BeerMais/Property lists/Prod/Info.plist";
				IPHONEOS_DEPLOYMENT_TARGET = 12.0;
				LD_RUNPATH_SEARCH_PATHS = (
					"$(inherited)",
					"@executable_path/Frameworks",
				);
				MARKETING_VERSION = 1.3.2;
				OTHER_LDFLAGS = (
					"$(inherited)",
					"-l\"c++\"",
					"-l\"sqlite3\"",
					"-l\"sqlite3.0\"",
					"-l\"z\"",
					"-framework",
					"\"AVFoundation\"",
					"-framework",
					"\"Amplitude\"",
					"-framework",
					"\"AudioToolbox\"",
					"-framework",
					"\"CFNetwork\"",
					"-framework",
					"\"CoreGraphics\"",
					"-framework",
					"\"CoreMedia\"",
					"-framework",
					"\"CoreTelephony\"",
					"-framework",
					"\"CoreVideo\"",
					"-framework",
					"\"FBLPromises\"",
					"-framework",
					"\"FirebaseAnalytics\"",
					"-framework",
					"\"FirebaseCore\"",
					"-framework",
					"\"FirebaseCoreDiagnostics\"",
					"-framework",
					"\"FirebaseCrashlytics\"",
					"-framework",
					"\"FirebaseInstallations\"",
					"-framework",
					"\"FirebaseInstanceID\"",
					"-framework",
					"\"FirebaseMessaging\"",
					"-framework",
					"\"Foundation\"",
					"-framework",
					"\"GoogleAppMeasurement\"",
					"-framework",
					"\"GoogleDataTransport\"",
					"-framework",
					"\"GoogleMobileAds\"",
					"-framework",
					"\"GoogleUtilities\"",
					"-framework",
					"\"MDFInternationalization\"",
					"-framework",
					"\"MDFTextAccessibility\"",
					"-framework",
					"\"MaterialComponents\"",
					"-framework",
					"\"MediaPlayer\"",
					"-framework",
					"\"MessageUI\"",
					"-framework",
					"\"MobileCoreServices\"",
					"-framework",
					"\"QuartzCore\"",
					"-framework",
					"\"Security\"",
					"-framework",
					"\"StoreKit\"",
					"-framework",
					"\"SystemConfiguration\"",
					"-framework",
					"\"UIKit\"",
					"-framework",
					"\"UserMessagingPlatform\"",
					"-framework",
					"\"WebKit\"",
					"-framework",
					"\"nanopb\"",
					"-weak_framework",
					"\"AdSupport\"",
					"-weak_framework",
					"\"JavaScriptCore\"",
					"-weak_framework",
					"\"SafariServices\"",
					"-weak_framework",
					"\"UserNotifications\"",
					"-weak_framework",
					"\"WebKit\"",
					"-ObjC",
				);
				PRODUCT_BUNDLE_IDENTIFIER = br.com.joseneves.BeerMais.ios;
				PRODUCT_NAME = "$(TARGET_NAME)";
				SWIFT_VERSION = 5.0;
				TARGETED_DEVICE_FAMILY = 1;
			};
			name = Release;
		};
		2D4C5209254F85CC00D0B2D0 /* Debug */ = {
			isa = XCBuildConfiguration;
			buildSettings = {
				ASSETCATALOG_COMPILER_GLOBAL_ACCENT_COLOR_NAME = AccentColor;
				ASSETCATALOG_COMPILER_WIDGET_BACKGROUND_COLOR_NAME = WidgetBackground;
				CODE_SIGN_ENTITLEMENTS = "BeerMais widget/BeerMais widgetExtension.entitlements";
				CODE_SIGN_STYLE = Automatic;
				CURRENT_PROJECT_VERSION = 25;
				DEVELOPMENT_TEAM = 2LEA6X25G9;
				INFOPLIST_FILE = "BeerMais widget/Info.plist";
				IPHONEOS_DEPLOYMENT_TARGET = 14.1;
				LD_RUNPATH_SEARCH_PATHS = (
					"$(inherited)",
					"@executable_path/Frameworks",
					"@executable_path/../../Frameworks",
				);
				MARKETING_VERSION = 1.3.2;
				PRODUCT_BUNDLE_IDENTIFIER = "br.com.joseneves.BeerMais.debug.BeerMais-widget";
				PRODUCT_NAME = "$(TARGET_NAME)";
				SKIP_INSTALL = YES;
				SWIFT_VERSION = 5.0;
				TARGETED_DEVICE_FAMILY = "1,2";
			};
			name = Debug;
		};
		2D4C520A254F85CC00D0B2D0 /* Release */ = {
			isa = XCBuildConfiguration;
			buildSettings = {
				ASSETCATALOG_COMPILER_GLOBAL_ACCENT_COLOR_NAME = AccentColor;
				ASSETCATALOG_COMPILER_WIDGET_BACKGROUND_COLOR_NAME = WidgetBackground;
				CODE_SIGN_ENTITLEMENTS = "BeerMais widget/BeerMais widgetExtension.entitlements";
				CODE_SIGN_STYLE = Automatic;
				CURRENT_PROJECT_VERSION = 25;
				DEVELOPMENT_TEAM = 2LEA6X25G9;
				INFOPLIST_FILE = "BeerMais widget/Info.plist";
				IPHONEOS_DEPLOYMENT_TARGET = 14.1;
				LD_RUNPATH_SEARCH_PATHS = (
					"$(inherited)",
					"@executable_path/Frameworks",
					"@executable_path/../../Frameworks",
				);
				MARKETING_VERSION = 1.3.2;
				PRODUCT_BUNDLE_IDENTIFIER = "br.com.joseneves.BeerMais.ios.BeerMais-widget";
				PRODUCT_NAME = "$(TARGET_NAME)";
				SKIP_INSTALL = YES;
				SWIFT_VERSION = 5.0;
				TARGETED_DEVICE_FAMILY = "1,2";
			};
			name = Release;
		};
		A18158C62597D1D7004B2018 /* Debug */ = {
			isa = XCBuildConfiguration;
			baseConfigurationReference = E632AA530D07568789CAC617 /* Pods-BeerMais Clip.debug.xcconfig */;
			buildSettings = {
				ASSETCATALOG_COMPILER_APPICON_NAME = AppIcon;
				ASSETCATALOG_COMPILER_GLOBAL_ACCENT_COLOR_NAME = AccentColor;
				CODE_SIGN_ENTITLEMENTS = "BeerMais Clip/BeerMais_Clip-debug.entitlements";
				CODE_SIGN_IDENTITY = "Apple Development";
				CODE_SIGN_STYLE = Automatic;
				CURRENT_PROJECT_VERSION = 25;
				DEVELOPMENT_TEAM = 2LEA6X25G9;
				INFOPLIST_FILE = "BeerMais Clip/Info.plist";
				IPHONEOS_DEPLOYMENT_TARGET = 14.3;
				LD_RUNPATH_SEARCH_PATHS = (
					"$(inherited)",
					"@executable_path/Frameworks",
				);
				MARKETING_VERSION = 1.3.2;
				PRODUCT_BUNDLE_IDENTIFIER = br.com.joseneves.BeerMais.debug.Clip;
				PRODUCT_NAME = "$(TARGET_NAME)";
				PROVISIONING_PROFILE_SPECIFIER = "";
				SWIFT_ACTIVE_COMPILATION_CONDITIONS = DEBUG_APPCLIP;
				SWIFT_VERSION = 5.0;
				TARGETED_DEVICE_FAMILY = 1;
			};
			name = Debug;
		};
		A18158C72597D1D7004B2018 /* Release */ = {
			isa = XCBuildConfiguration;
			baseConfigurationReference = C7757FFEB8F4A411E40E44A8 /* Pods-BeerMais Clip.release.xcconfig */;
			buildSettings = {
				ASSETCATALOG_COMPILER_APPICON_NAME = AppIcon;
				ASSETCATALOG_COMPILER_GLOBAL_ACCENT_COLOR_NAME = AccentColor;
				CODE_SIGN_ENTITLEMENTS = "BeerMais Clip/BeerMais_Clip.entitlements";
				CODE_SIGN_STYLE = Automatic;
				CURRENT_PROJECT_VERSION = 25;
				DEVELOPMENT_TEAM = 2LEA6X25G9;
				INFOPLIST_FILE = "BeerMais Clip/Info.plist";
				IPHONEOS_DEPLOYMENT_TARGET = 14.3;
				LD_RUNPATH_SEARCH_PATHS = (
					"$(inherited)",
					"@executable_path/Frameworks",
				);
				MARKETING_VERSION = 1.3.2;
				PRODUCT_BUNDLE_IDENTIFIER = br.com.joseneves.BeerMais.ios.Clip;
				PRODUCT_NAME = "$(TARGET_NAME)";
				SWIFT_ACTIVE_COMPILATION_CONDITIONS = APPCLIP;
				SWIFT_VERSION = 5.0;
				TARGETED_DEVICE_FAMILY = 1;
			};
			name = Release;
		};
/* End XCBuildConfiguration section */

/* Begin XCConfigurationList section */
		2D17010E21D2B3CD0009A316 /* Build configuration list for PBXProject "BeerMais" */ = {
			isa = XCConfigurationList;
			buildConfigurations = (
				2D17012621D2B3CF0009A316 /* Debug */,
				2D17012721D2B3CF0009A316 /* Release */,
			);
			defaultConfigurationIsVisible = 0;
			defaultConfigurationName = Release;
		};
		2D1D3E5C21F670C9008F51AC /* Build configuration list for PBXNativeTarget "BeerMais" */ = {
			isa = XCConfigurationList;
			buildConfigurations = (
				2D1D3E5D21F670C9008F51AC /* Debug */,
				2D1D3E5E21F670C9008F51AC /* Release */,
			);
			defaultConfigurationIsVisible = 0;
			defaultConfigurationName = Release;
		};
		2D4C520B254F85CC00D0B2D0 /* Build configuration list for PBXNativeTarget "BeerMais widgetExtension" */ = {
			isa = XCConfigurationList;
			buildConfigurations = (
				2D4C5209254F85CC00D0B2D0 /* Debug */,
				2D4C520A254F85CC00D0B2D0 /* Release */,
			);
			defaultConfigurationIsVisible = 0;
			defaultConfigurationName = Release;
		};
		A18158C82597D1D7004B2018 /* Build configuration list for PBXNativeTarget "BeerMais Clip" */ = {
			isa = XCConfigurationList;
			buildConfigurations = (
				A18158C62597D1D7004B2018 /* Debug */,
				A18158C72597D1D7004B2018 /* Release */,
			);
			defaultConfigurationIsVisible = 0;
			defaultConfigurationName = Release;
		};
/* End XCConfigurationList section */

/* Begin XCVersionGroup section */
		2D17011D21D2B3CE0009A316 /* BeerMais.xcdatamodeld */ = {
			isa = XCVersionGroup;
			children = (
				2D17011E21D2B3CE0009A316 /* BeerMais.xcdatamodel */,
			);
			currentVersion = 2D17011E21D2B3CE0009A316 /* BeerMais.xcdatamodel */;
			path = BeerMais.xcdatamodeld;
			sourceTree = "<group>";
			versionGroupType = wrapper.xcdatamodel;
		};
/* End XCVersionGroup section */
	};
	rootObject = 2D17010B21D2B3CD0009A316 /* Project object */;
}
